// !$*UTF8*$!
{
	archiveVersion = 1;
	classes = {
	};
	objectVersion = 50;
	objects = {

/* Begin PBXBuildFile section */
		F62BF6CD78EBFC181D20E2E9 /* Pods_CommonFunction.framework in Frameworks */ = {isa = PBXBuildFile; fileRef = 19A06798570748EB926E024C /* Pods_CommonFunction.framework */; };
		F9348E8420C4D9750083246C /* NSString+Encoding.h in Headers */ = {isa = PBXBuildFile; fileRef = F9348E8220C4D9750083246C /* NSString+Encoding.h */; settings = {ATTRIBUTES = (Public, ); }; };
		F9348E8520C4D9750083246C /* NSString+Encoding.m in Sources */ = {isa = PBXBuildFile; fileRef = F9348E8320C4D9750083246C /* NSString+Encoding.m */; };
		F9349F5E20C91E5D0083246C /* NSString+Encryption.h in Headers */ = {isa = PBXBuildFile; fileRef = F9349F5C20C91E5D0083246C /* NSString+Encryption.h */; settings = {ATTRIBUTES = (Public, ); }; };
		F9349F5F20C91E5D0083246C /* NSString+Encryption.m in Sources */ = {isa = PBXBuildFile; fileRef = F9349F5D20C91E5D0083246C /* NSString+Encryption.m */; };
		F9349F6220C925CD0083246C /* UIColor+HexString.h in Headers */ = {isa = PBXBuildFile; fileRef = F9349F6020C925CD0083246C /* UIColor+HexString.h */; settings = {ATTRIBUTES = (Public, ); }; };
		F9349F6320C925CD0083246C /* UIColor+HexString.m in Sources */ = {isa = PBXBuildFile; fileRef = F9349F6120C925CD0083246C /* UIColor+HexString.m */; };
		F9349F9420CA11140083246C /* UIView+ExtendHitArea.h in Headers */ = {isa = PBXBuildFile; fileRef = F9349F9220CA11140083246C /* UIView+ExtendHitArea.h */; settings = {ATTRIBUTES = (Public, ); }; };
		F9349F9520CA11140083246C /* UIView+ExtendHitArea.m in Sources */ = {isa = PBXBuildFile; fileRef = F9349F9320CA11140083246C /* UIView+ExtendHitArea.m */; };
		F9C3A0BE20BEAFEC004AE87D /* NSDate+AHDateUtil.m in Sources */ = {isa = PBXBuildFile; fileRef = F9C3A0BD20BEAFEC004AE87D /* NSDate+AHDateUtil.m */; };
		F9C3A0BF20BEB078004AE87D /* NSDate+AHDateUtil.h in Headers */ = {isa = PBXBuildFile; fileRef = F9C3A0BC20BEAFEC004AE87D /* NSDate+AHDateUtil.h */; settings = {ATTRIBUTES = (Public, ); }; };
		F9CB735420C12DA000060EF9 /* ZHResettViewStacksTool.h in Headers */ = {isa = PBXBuildFile; fileRef = F9CB735220C12DA000060EF9 /* ZHResettViewStacksTool.h */; settings = {ATTRIBUTES = (Public, ); }; };
		F9CB735520C12DA000060EF9 /* ZHResettViewStacksTool.m in Sources */ = {isa = PBXBuildFile; fileRef = F9CB735320C12DA000060EF9 /* ZHResettViewStacksTool.m */; };
		F9CB735920C1328C00060EF9 /* NSString+stringUtil.h in Headers */ = {isa = PBXBuildFile; fileRef = F9CB735720C1328C00060EF9 /* NSString+stringUtil.h */; settings = {ATTRIBUTES = (Public, ); }; };
		F9CB735A20C1328C00060EF9 /* NSString+stringUtil.m in Sources */ = {isa = PBXBuildFile; fileRef = F9CB735820C1328C00060EF9 /* NSString+stringUtil.m */; };
		F9CB735D20C1361E00060EF9 /* NSString+RegEx.h in Headers */ = {isa = PBXBuildFile; fileRef = F9CB735B20C1361E00060EF9 /* NSString+RegEx.h */; settings = {ATTRIBUTES = (Public, ); }; };
		F9CB735E20C1361E00060EF9 /* NSString+RegEx.m in Sources */ = {isa = PBXBuildFile; fileRef = F9CB735C20C1361E00060EF9 /* NSString+RegEx.m */; };
		F9EB691720B6564F00BA7E5B /* CommonFunction.framework in Frameworks */ = {isa = PBXBuildFile; fileRef = F9EB690D20B6564F00BA7E5B /* CommonFunction.framework */; };
		F9EB691C20B6564F00BA7E5B /* CommonFunctionTests.m in Sources */ = {isa = PBXBuildFile; fileRef = F9EB691B20B6564F00BA7E5B /* CommonFunctionTests.m */; };
		F9EB691E20B6564F00BA7E5B /* CommonFunction.h in Headers */ = {isa = PBXBuildFile; fileRef = F9EB691020B6564F00BA7E5B /* CommonFunction.h */; settings = {ATTRIBUTES = (Public, ); }; };
/* End PBXBuildFile section */

/* Begin PBXContainerItemProxy section */
		F9EB691820B6564F00BA7E5B /* PBXContainerItemProxy */ = {
			isa = PBXContainerItemProxy;
			containerPortal = F9EB690420B6564F00BA7E5B /* Project object */;
			proxyType = 1;
			remoteGlobalIDString = F9EB690C20B6564F00BA7E5B;
			remoteInfo = CommonFunction;
		};
/* End PBXContainerItemProxy section */

/* Begin PBXFileReference section */
		19A06798570748EB926E024C /* Pods_CommonFunction.framework */ = {isa = PBXFileReference; explicitFileType = wrapper.framework; includeInIndex = 0; path = Pods_CommonFunction.framework; sourceTree = BUILT_PRODUCTS_DIR; };
		465DF4FF4C67EBAD1C4D81E3 /* Pods-CommonFunction.debug.xcconfig */ = {isa = PBXFileReference; includeInIndex = 1; lastKnownFileType = text.xcconfig; name = "Pods-CommonFunction.debug.xcconfig"; path = "../Pods/Target Support Files/Pods-CommonFunction/Pods-CommonFunction.debug.xcconfig"; sourceTree = "<group>"; };
		B0F86DC90139B7548BBA9196 /* Pods-CommonFunction.release.xcconfig */ = {isa = PBXFileReference; includeInIndex = 1; lastKnownFileType = text.xcconfig; name = "Pods-CommonFunction.release.xcconfig"; path = "../Pods/Target Support Files/Pods-CommonFunction/Pods-CommonFunction.release.xcconfig"; sourceTree = "<group>"; };
		F9348E8220C4D9750083246C /* NSString+Encoding.h */ = {isa = PBXFileReference; lastKnownFileType = sourcecode.c.h; path = "NSString+Encoding.h"; sourceTree = "<group>"; };
		F9348E8320C4D9750083246C /* NSString+Encoding.m */ = {isa = PBXFileReference; lastKnownFileType = sourcecode.c.objc; path = "NSString+Encoding.m"; sourceTree = "<group>"; };
		F9349F5C20C91E5D0083246C /* NSString+Encryption.h */ = {isa = PBXFileReference; lastKnownFileType = sourcecode.c.h; path = "NSString+Encryption.h"; sourceTree = "<group>"; };
		F9349F5D20C91E5D0083246C /* NSString+Encryption.m */ = {isa = PBXFileReference; lastKnownFileType = sourcecode.c.objc; path = "NSString+Encryption.m"; sourceTree = "<group>"; };
		F9349F6020C925CD0083246C /* UIColor+HexString.h */ = {isa = PBXFileReference; lastKnownFileType = sourcecode.c.h; path = "UIColor+HexString.h"; sourceTree = "<group>"; };
		F9349F6120C925CD0083246C /* UIColor+HexString.m */ = {isa = PBXFileReference; lastKnownFileType = sourcecode.c.objc; path = "UIColor+HexString.m"; sourceTree = "<group>"; };
		F9349F9220CA11140083246C /* UIView+ExtendHitArea.h */ = {isa = PBXFileReference; lastKnownFileType = sourcecode.c.h; path = "UIView+ExtendHitArea.h"; sourceTree = "<group>"; };
		F9349F9320CA11140083246C /* UIView+ExtendHitArea.m */ = {isa = PBXFileReference; lastKnownFileType = sourcecode.c.objc; path = "UIView+ExtendHitArea.m"; sourceTree = "<group>"; };
		F9C3A0BC20BEAFEC004AE87D /* NSDate+AHDateUtil.h */ = {isa = PBXFileReference; fileEncoding = 4; lastKnownFileType = sourcecode.c.h; path = "NSDate+AHDateUtil.h"; sourceTree = "<group>"; };
		F9C3A0BD20BEAFEC004AE87D /* NSDate+AHDateUtil.m */ = {isa = PBXFileReference; fileEncoding = 4; lastKnownFileType = sourcecode.c.objc; path = "NSDate+AHDateUtil.m"; sourceTree = "<group>"; };
		F9CB735220C12DA000060EF9 /* ZHResettViewStacksTool.h */ = {isa = PBXFileReference; lastKnownFileType = sourcecode.c.h; path = ZHResettViewStacksTool.h; sourceTree = "<group>"; };
		F9CB735320C12DA000060EF9 /* ZHResettViewStacksTool.m */ = {isa = PBXFileReference; lastKnownFileType = sourcecode.c.objc; path = ZHResettViewStacksTool.m; sourceTree = "<group>"; };
		F9CB735720C1328C00060EF9 /* NSString+stringUtil.h */ = {isa = PBXFileReference; lastKnownFileType = sourcecode.c.h; path = "NSString+stringUtil.h"; sourceTree = "<group>"; };
		F9CB735820C1328C00060EF9 /* NSString+stringUtil.m */ = {isa = PBXFileReference; lastKnownFileType = sourcecode.c.objc; path = "NSString+stringUtil.m"; sourceTree = "<group>"; };
		F9CB735B20C1361E00060EF9 /* NSString+RegEx.h */ = {isa = PBXFileReference; lastKnownFileType = sourcecode.c.h; path = "NSString+RegEx.h"; sourceTree = "<group>"; };
		F9CB735C20C1361E00060EF9 /* NSString+RegEx.m */ = {isa = PBXFileReference; lastKnownFileType = sourcecode.c.objc; path = "NSString+RegEx.m"; sourceTree = "<group>"; };
		F9EB690D20B6564F00BA7E5B /* CommonFunction.framework */ = {isa = PBXFileReference; explicitFileType = wrapper.framework; includeInIndex = 0; path = CommonFunction.framework; sourceTree = BUILT_PRODUCTS_DIR; };
		F9EB691020B6564F00BA7E5B /* CommonFunction.h */ = {isa = PBXFileReference; lastKnownFileType = sourcecode.c.h; path = CommonFunction.h; sourceTree = "<group>"; };
		F9EB691120B6564F00BA7E5B /* Info.plist */ = {isa = PBXFileReference; lastKnownFileType = text.plist.xml; path = Info.plist; sourceTree = "<group>"; };
		F9EB691620B6564F00BA7E5B /* CommonFunctionTests.xctest */ = {isa = PBXFileReference; explicitFileType = wrapper.cfbundle; includeInIndex = 0; path = CommonFunctionTests.xctest; sourceTree = BUILT_PRODUCTS_DIR; };
		F9EB691B20B6564F00BA7E5B /* CommonFunctionTests.m */ = {isa = PBXFileReference; lastKnownFileType = sourcecode.c.objc; path = CommonFunctionTests.m; sourceTree = "<group>"; };
		F9EB691D20B6564F00BA7E5B /* Info.plist */ = {isa = PBXFileReference; lastKnownFileType = text.plist.xml; path = Info.plist; sourceTree = "<group>"; };
/* End PBXFileReference section */

/* Begin PBXFrameworksBuildPhase section */
		F9EB690920B6564F00BA7E5B /* Frameworks */ = {
			isa = PBXFrameworksBuildPhase;
			buildActionMask = 2147483647;
			files = (
				F62BF6CD78EBFC181D20E2E9 /* Pods_CommonFunction.framework in Frameworks */,
			);
			runOnlyForDeploymentPostprocessing = 0;
		};
		F9EB691320B6564F00BA7E5B /* Frameworks */ = {
			isa = PBXFrameworksBuildPhase;
			buildActionMask = 2147483647;
			files = (
				F9EB691720B6564F00BA7E5B /* CommonFunction.framework in Frameworks */,
			);
			runOnlyForDeploymentPostprocessing = 0;
		};
/* End PBXFrameworksBuildPhase section */

/* Begin PBXGroup section */
		A87D71BBE6E529D01B8B52B2 /* Pods */ = {
			isa = PBXGroup;
			children = (
				465DF4FF4C67EBAD1C4D81E3 /* Pods-CommonFunction.debug.xcconfig */,
				B0F86DC90139B7548BBA9196 /* Pods-CommonFunction.release.xcconfig */,
			);
			name = Pods;
			sourceTree = "<group>";
		};
		DBF2F76D1F466127DBC289AB /* Frameworks */ = {
			isa = PBXGroup;
			children = (
				19A06798570748EB926E024C /* Pods_CommonFunction.framework */,
			);
			name = Frameworks;
			sourceTree = "<group>";
		};
		F9CB735620C1300C00060EF9 /* Category */ = {
			isa = PBXGroup;
			children = (
				F9C3A0BC20BEAFEC004AE87D /* NSDate+AHDateUtil.h */,
				F9C3A0BD20BEAFEC004AE87D /* NSDate+AHDateUtil.m */,
				F9CB735720C1328C00060EF9 /* NSString+stringUtil.h */,
				F9CB735820C1328C00060EF9 /* NSString+stringUtil.m */,
				F9CB735B20C1361E00060EF9 /* NSString+RegEx.h */,
				F9CB735C20C1361E00060EF9 /* NSString+RegEx.m */,
				F9348E8220C4D9750083246C /* NSString+Encoding.h */,
				F9348E8320C4D9750083246C /* NSString+Encoding.m */,
				F9349F5C20C91E5D0083246C /* NSString+Encryption.h */,
				F9349F5D20C91E5D0083246C /* NSString+Encryption.m */,
				F9349F6020C925CD0083246C /* UIColor+HexString.h */,
				F9349F6120C925CD0083246C /* UIColor+HexString.m */,
				F9349F9220CA11140083246C /* UIView+ExtendHitArea.h */,
				F9349F9320CA11140083246C /* UIView+ExtendHitArea.m */,
			);
			path = Category;
			sourceTree = "<group>";
		};
		F9EB690320B6564F00BA7E5B = {
			isa = PBXGroup;
			children = (
				F9EB690F20B6564F00BA7E5B /* CommonFunction */,
				F9EB691A20B6564F00BA7E5B /* CommonFunctionTests */,
				F9EB690E20B6564F00BA7E5B /* Products */,
				A87D71BBE6E529D01B8B52B2 /* Pods */,
				DBF2F76D1F466127DBC289AB /* Frameworks */,
			);
			sourceTree = "<group>";
		};
		F9EB690E20B6564F00BA7E5B /* Products */ = {
			isa = PBXGroup;
			children = (
				F9EB690D20B6564F00BA7E5B /* CommonFunction.framework */,
				F9EB691620B6564F00BA7E5B /* CommonFunctionTests.xctest */,
			);
			name = Products;
			sourceTree = "<group>";
		};
		F9EB690F20B6564F00BA7E5B /* CommonFunction */ = {
			isa = PBXGroup;
			children = (
				F9CB735620C1300C00060EF9 /* Category */,
				F9CB735220C12DA000060EF9 /* ZHResettViewStacksTool.h */,
				F9CB735320C12DA000060EF9 /* ZHResettViewStacksTool.m */,
				F9EB691020B6564F00BA7E5B /* CommonFunction.h */,
				F9EB691120B6564F00BA7E5B /* Info.plist */,
			);
			path = CommonFunction;
			sourceTree = "<group>";
		};
		F9EB691A20B6564F00BA7E5B /* CommonFunctionTests */ = {
			isa = PBXGroup;
			children = (
				F9EB691B20B6564F00BA7E5B /* CommonFunctionTests.m */,
				F9EB691D20B6564F00BA7E5B /* Info.plist */,
			);
			path = CommonFunctionTests;
			sourceTree = "<group>";
		};
/* End PBXGroup section */

/* Begin PBXHeadersBuildPhase section */
		F9EB690A20B6564F00BA7E5B /* Headers */ = {
			isa = PBXHeadersBuildPhase;
			buildActionMask = 2147483647;
			files = (
				F9C3A0BF20BEB078004AE87D /* NSDate+AHDateUtil.h in Headers */,
				F9349F9420CA11140083246C /* UIView+ExtendHitArea.h in Headers */,
				F9CB735420C12DA000060EF9 /* ZHResettViewStacksTool.h in Headers */,
				F9EB691E20B6564F00BA7E5B /* CommonFunction.h in Headers */,
				F9348E8420C4D9750083246C /* NSString+Encoding.h in Headers */,
				F9CB735D20C1361E00060EF9 /* NSString+RegEx.h in Headers */,
				F9349F6220C925CD0083246C /* UIColor+HexString.h in Headers */,
				F9349F5E20C91E5D0083246C /* NSString+Encryption.h in Headers */,
				F9CB735920C1328C00060EF9 /* NSString+stringUtil.h in Headers */,
			);
			runOnlyForDeploymentPostprocessing = 0;
		};
/* End PBXHeadersBuildPhase section */

/* Begin PBXNativeTarget section */
		F9EB690C20B6564F00BA7E5B /* CommonFunction */ = {
			isa = PBXNativeTarget;
			buildConfigurationList = F9EB692120B6564F00BA7E5B /* Build configuration list for PBXNativeTarget "CommonFunction" */;
			buildPhases = (
				D109566C5DCBBF190A2C1C86 /* [CP] Check Pods Manifest.lock */,
				F9EB690820B6564F00BA7E5B /* Sources */,
				F9EB690920B6564F00BA7E5B /* Frameworks */,
				F9EB690A20B6564F00BA7E5B /* Headers */,
				F9EB690B20B6564F00BA7E5B /* Resources */,
			);
			buildRules = (
			);
			dependencies = (
			);
			name = CommonFunction;
			productName = CommonFunction;
			productReference = F9EB690D20B6564F00BA7E5B /* CommonFunction.framework */;
			productType = "com.apple.product-type.framework";
		};
		F9EB691520B6564F00BA7E5B /* CommonFunctionTests */ = {
			isa = PBXNativeTarget;
			buildConfigurationList = F9EB692420B6564F00BA7E5B /* Build configuration list for PBXNativeTarget "CommonFunctionTests" */;
			buildPhases = (
				F9EB691220B6564F00BA7E5B /* Sources */,
				F9EB691320B6564F00BA7E5B /* Frameworks */,
				F9EB691420B6564F00BA7E5B /* Resources */,
			);
			buildRules = (
			);
			dependencies = (
				F9EB691920B6564F00BA7E5B /* PBXTargetDependency */,
			);
			name = CommonFunctionTests;
			productName = CommonFunctionTests;
			productReference = F9EB691620B6564F00BA7E5B /* CommonFunctionTests.xctest */;
			productType = "com.apple.product-type.bundle.unit-test";
		};
/* End PBXNativeTarget section */

/* Begin PBXProject section */
		F9EB690420B6564F00BA7E5B /* Project object */ = {
			isa = PBXProject;
			attributes = {
				LastUpgradeCheck = 0930;
				ORGANIZATIONNAME = zh;
				TargetAttributes = {
					F9EB690C20B6564F00BA7E5B = {
						CreatedOnToolsVersion = 9.3;
					};
					F9EB691520B6564F00BA7E5B = {
						CreatedOnToolsVersion = 9.3;
					};
				};
			};
			buildConfigurationList = F9EB690720B6564F00BA7E5B /* Build configuration list for PBXProject "CommonFunction" */;
			compatibilityVersion = "Xcode 9.3";
			developmentRegion = en;
			hasScannedForEncodings = 0;
			knownRegions = (
				en,
			);
			mainGroup = F9EB690320B6564F00BA7E5B;
			productRefGroup = F9EB690E20B6564F00BA7E5B /* Products */;
			projectDirPath = "";
			projectRoot = "";
			targets = (
				F9EB690C20B6564F00BA7E5B /* CommonFunction */,
				F9EB691520B6564F00BA7E5B /* CommonFunctionTests */,
			);
		};
/* End PBXProject section */

/* Begin PBXResourcesBuildPhase section */
		F9EB690B20B6564F00BA7E5B /* Resources */ = {
			isa = PBXResourcesBuildPhase;
			buildActionMask = 2147483647;
			files = (
			);
			runOnlyForDeploymentPostprocessing = 0;
		};
		F9EB691420B6564F00BA7E5B /* Resources */ = {
			isa = PBXResourcesBuildPhase;
			buildActionMask = 2147483647;
			files = (
			);
			runOnlyForDeploymentPostprocessing = 0;
		};
/* End PBXResourcesBuildPhase section */

/* Begin PBXShellScriptBuildPhase section */
		D109566C5DCBBF190A2C1C86 /* [CP] Check Pods Manifest.lock */ = {
			isa = PBXShellScriptBuildPhase;
			buildActionMask = 2147483647;
			files = (
			);
			inputPaths = (
				"${PODS_PODFILE_DIR_PATH}/Podfile.lock",
				"${PODS_ROOT}/Manifest.lock",
			);
			name = "[CP] Check Pods Manifest.lock";
			outputPaths = (
				"$(DERIVED_FILE_DIR)/Pods-CommonFunction-checkManifestLockResult.txt",
			);
			runOnlyForDeploymentPostprocessing = 0;
			shellPath = /bin/sh;
			shellScript = "diff \"${PODS_PODFILE_DIR_PATH}/Podfile.lock\" \"${PODS_ROOT}/Manifest.lock\" > /dev/null\nif [ $? != 0 ] ; then\n    # print error to STDERR\n    echo \"error: The sandbox is not in sync with the Podfile.lock. Run 'pod install' or update your CocoaPods installation.\" >&2\n    exit 1\nfi\n# This output is used by Xcode 'outputs' to avoid re-running this script phase.\necho \"SUCCESS\" > \"${SCRIPT_OUTPUT_FILE_0}\"\n";
			showEnvVarsInLog = 0;
		};
/* End PBXShellScriptBuildPhase section */

/* Begin PBXSourcesBuildPhase section */
		F9EB690820B6564F00BA7E5B /* Sources */ = {
			isa = PBXSourcesBuildPhase;
			buildActionMask = 2147483647;
			files = (
				F9348E8520C4D9750083246C /* NSString+Encoding.m in Sources */,
				F9CB735A20C1328C00060EF9 /* NSString+stringUtil.m in Sources */,
				F9CB735E20C1361E00060EF9 /* NSString+RegEx.m in Sources */,
				F9349F9520CA11140083246C /* UIView+ExtendHitArea.m in Sources */,
				F9C3A0BE20BEAFEC004AE87D /* NSDate+AHDateUtil.m in Sources */,
				F9349F6320C925CD0083246C /* UIColor+HexString.m in Sources */,
				F9349F5F20C91E5D0083246C /* NSString+Encryption.m in Sources */,
				F9CB735520C12DA000060EF9 /* ZHResettViewStacksTool.m in Sources */,
			);
			runOnlyForDeploymentPostprocessing = 0;
		};
		F9EB691220B6564F00BA7E5B /* Sources */ = {
			isa = PBXSourcesBuildPhase;
			buildActionMask = 2147483647;
			files = (
				F9EB691C20B6564F00BA7E5B /* CommonFunctionTests.m in Sources */,
			);
			runOnlyForDeploymentPostprocessing = 0;
		};
/* End PBXSourcesBuildPhase section */

/* Begin PBXTargetDependency section */
		F9EB691920B6564F00BA7E5B /* PBXTargetDependency */ = {
			isa = PBXTargetDependency;
			target = F9EB690C20B6564F00BA7E5B /* CommonFunction */;
			targetProxy = F9EB691820B6564F00BA7E5B /* PBXContainerItemProxy */;
		};
/* End PBXTargetDependency section */

/* Begin XCBuildConfiguration section */
		F9EB691F20B6564F00BA7E5B /* Debug */ = {
			isa = XCBuildConfiguration;
			buildSettings = {
				ALWAYS_SEARCH_USER_PATHS = NO;
				CLANG_ANALYZER_NONNULL = YES;
				CLANG_ANALYZER_NUMBER_OBJECT_CONVERSION = YES_AGGRESSIVE;
				CLANG_CXX_LANGUAGE_STANDARD = "gnu++14";
				CLANG_CXX_LIBRARY = "libc++";
				CLANG_ENABLE_MODULES = YES;
				CLANG_ENABLE_OBJC_ARC = YES;
				CLANG_ENABLE_OBJC_WEAK = YES;
				CLANG_WARN_BLOCK_CAPTURE_AUTORELEASING = YES;
				CLANG_WARN_BOOL_CONVERSION = YES;
				CLANG_WARN_COMMA = YES;
				CLANG_WARN_CONSTANT_CONVERSION = YES;
				CLANG_WARN_DEPRECATED_OBJC_IMPLEMENTATIONS = YES;
				CLANG_WARN_DIRECT_OBJC_ISA_USAGE = YES_ERROR;
				CLANG_WARN_DOCUMENTATION_COMMENTS = YES;
				CLANG_WARN_EMPTY_BODY = YES;
				CLANG_WARN_ENUM_CONVERSION = YES;
				CLANG_WARN_INFINITE_RECURSION = YES;
				CLANG_WARN_INT_CONVERSION = YES;
				CLANG_WARN_NON_LITERAL_NULL_CONVERSION = YES;
				CLANG_WARN_OBJC_IMPLICIT_RETAIN_SELF = YES;
				CLANG_WARN_OBJC_LITERAL_CONVERSION = YES;
				CLANG_WARN_OBJC_ROOT_CLASS = YES_ERROR;
				CLANG_WARN_RANGE_LOOP_ANALYSIS = YES;
				CLANG_WARN_STRICT_PROTOTYPES = YES;
				CLANG_WARN_SUSPICIOUS_MOVE = YES;
				CLANG_WARN_UNGUARDED_AVAILABILITY = YES_AGGRESSIVE;
				CLANG_WARN_UNREACHABLE_CODE = YES;
				CLANG_WARN__DUPLICATE_METHOD_MATCH = YES;
				CODE_SIGN_IDENTITY = "iPhone Developer";
				COPY_PHASE_STRIP = NO;
				CURRENT_PROJECT_VERSION = 1;
				DEBUG_INFORMATION_FORMAT = dwarf;
				ENABLE_STRICT_OBJC_MSGSEND = YES;
				ENABLE_TESTABILITY = YES;
				GCC_C_LANGUAGE_STANDARD = gnu11;
				GCC_DYNAMIC_NO_PIC = NO;
				GCC_NO_COMMON_BLOCKS = YES;
				GCC_OPTIMIZATION_LEVEL = 0;
				GCC_PREPROCESSOR_DEFINITIONS = (
					"DEBUG=1",
					"$(inherited)",
				);
				GCC_WARN_64_TO_32_BIT_CONVERSION = YES;
				GCC_WARN_ABOUT_RETURN_TYPE = YES_ERROR;
				GCC_WARN_UNDECLARED_SELECTOR = YES;
				GCC_WARN_UNINITIALIZED_AUTOS = YES_AGGRESSIVE;
				GCC_WARN_UNUSED_FUNCTION = YES;
				GCC_WARN_UNUSED_VARIABLE = YES;
				IPHONEOS_DEPLOYMENT_TARGET = 11.3;
				MTL_ENABLE_DEBUG_INFO = YES;
				ONLY_ACTIVE_ARCH = YES;
				SDKROOT = iphoneos;
				VERSIONING_SYSTEM = "apple-generic";
				VERSION_INFO_PREFIX = "";
			};
			name = Debug;
		};
		F9EB692020B6564F00BA7E5B /* Release */ = {
			isa = XCBuildConfiguration;
			buildSettings = {
				ALWAYS_SEARCH_USER_PATHS = NO;
				CLANG_ANALYZER_NONNULL = YES;
				CLANG_ANALYZER_NUMBER_OBJECT_CONVERSION = YES_AGGRESSIVE;
				CLANG_CXX_LANGUAGE_STANDARD = "gnu++14";
				CLANG_CXX_LIBRARY = "libc++";
				CLANG_ENABLE_MODULES = YES;
				CLANG_ENABLE_OBJC_ARC = YES;
				CLANG_ENABLE_OBJC_WEAK = YES;
				CLANG_WARN_BLOCK_CAPTURE_AUTORELEASING = YES;
				CLANG_WARN_BOOL_CONVERSION = YES;
				CLANG_WARN_COMMA = YES;
				CLANG_WARN_CONSTANT_CONVERSION = YES;
				CLANG_WARN_DEPRECATED_OBJC_IMPLEMENTATIONS = YES;
				CLANG_WARN_DIRECT_OBJC_ISA_USAGE = YES_ERROR;
				CLANG_WARN_DOCUMENTATION_COMMENTS = YES;
				CLANG_WARN_EMPTY_BODY = YES;
				CLANG_WARN_ENUM_CONVERSION = YES;
				CLANG_WARN_INFINITE_RECURSION = YES;
				CLANG_WARN_INT_CONVERSION = YES;
				CLANG_WARN_NON_LITERAL_NULL_CONVERSION = YES;
				CLANG_WARN_OBJC_IMPLICIT_RETAIN_SELF = YES;
				CLANG_WARN_OBJC_LITERAL_CONVERSION = YES;
				CLANG_WARN_OBJC_ROOT_CLASS = YES_ERROR;
				CLANG_WARN_RANGE_LOOP_ANALYSIS = YES;
				CLANG_WARN_STRICT_PROTOTYPES = YES;
				CLANG_WARN_SUSPICIOUS_MOVE = YES;
				CLANG_WARN_UNGUARDED_AVAILABILITY = YES_AGGRESSIVE;
				CLANG_WARN_UNREACHABLE_CODE = YES;
				CLANG_WARN__DUPLICATE_METHOD_MATCH = YES;
				CODE_SIGN_IDENTITY = "iPhone Developer";
				COPY_PHASE_STRIP = NO;
				CURRENT_PROJECT_VERSION = 1;
				DEBUG_INFORMATION_FORMAT = "dwarf-with-dsym";
				ENABLE_NS_ASSERTIONS = NO;
				ENABLE_STRICT_OBJC_MSGSEND = YES;
				GCC_C_LANGUAGE_STANDARD = gnu11;
				GCC_NO_COMMON_BLOCKS = YES;
				GCC_WARN_64_TO_32_BIT_CONVERSION = YES;
				GCC_WARN_ABOUT_RETURN_TYPE = YES_ERROR;
				GCC_WARN_UNDECLARED_SELECTOR = YES;
				GCC_WARN_UNINITIALIZED_AUTOS = YES_AGGRESSIVE;
				GCC_WARN_UNUSED_FUNCTION = YES;
				GCC_WARN_UNUSED_VARIABLE = YES;
				IPHONEOS_DEPLOYMENT_TARGET = 11.3;
				MTL_ENABLE_DEBUG_INFO = NO;
				SDKROOT = iphoneos;
				VALIDATE_PRODUCT = YES;
				VERSIONING_SYSTEM = "apple-generic";
				VERSION_INFO_PREFIX = "";
			};
			name = Release;
		};
		F9EB692220B6564F00BA7E5B /* Debug */ = {
			isa = XCBuildConfiguration;
			baseConfigurationReference = 465DF4FF4C67EBAD1C4D81E3 /* Pods-CommonFunction.debug.xcconfig */;
			buildSettings = {
				CODE_SIGN_IDENTITY = "";
				CODE_SIGN_STYLE = Automatic;
				DEFINES_MODULE = YES;
				DEVELOPMENT_TEAM = W35GD34VEQ;
				DYLIB_COMPATIBILITY_VERSION = 1;
				DYLIB_CURRENT_VERSION = 1;
				DYLIB_INSTALL_NAME_BASE = "@rpath";
				INFOPLIST_FILE = CommonFunction/Info.plist;
				INSTALL_PATH = "$(LOCAL_LIBRARY_DIR)/Frameworks";
				LD_RUNPATH_SEARCH_PATHS = (
					"$(inherited)",
					"@executable_path/Frameworks",
					"@loader_path/Frameworks",
				);
				MACH_O_TYPE = staticlib;
				OTHER_LDFLAGS = "-ObjC";
				PRODUCT_BUNDLE_IDENTIFIER = com.xiaomi.zuanzuan.CommonFunction;
				PRODUCT_NAME = "$(TARGET_NAME:c99extidentifier)";
				SKIP_INSTALL = YES;
				TARGETED_DEVICE_FAMILY = "1,2";
			};
			name = Debug;
		};
		F9EB692320B6564F00BA7E5B /* Release */ = {
			isa = XCBuildConfiguration;
			baseConfigurationReference = B0F86DC90139B7548BBA9196 /* Pods-CommonFunction.release.xcconfig */;
			buildSettings = {
				CODE_SIGN_IDENTITY = "";
				CODE_SIGN_STYLE = Automatic;
				DEFINES_MODULE = YES;
				DEVELOPMENT_TEAM = W35GD34VEQ;
				DYLIB_COMPATIBILITY_VERSION = 1;
				DYLIB_CURRENT_VERSION = 1;
				DYLIB_INSTALL_NAME_BASE = "@rpath";
				INFOPLIST_FILE = CommonFunction/Info.plist;
				INSTALL_PATH = "$(LOCAL_LIBRARY_DIR)/Frameworks";
				LD_RUNPATH_SEARCH_PATHS = (
					"$(inherited)",
					"@executable_path/Frameworks",
					"@loader_path/Frameworks",
				);
				MACH_O_TYPE = staticlib;
				OTHER_LDFLAGS = "-ObjC";
				PRODUCT_BUNDLE_IDENTIFIER = com.xiaomi.zuanzuan.CommonFunction;
				PRODUCT_NAME = "$(TARGET_NAME:c99extidentifier)";
				SKIP_INSTALL = YES;
				TARGETED_DEVICE_FAMILY = "1,2";
			};
			name = Release;
		};
		F9EB692520B6564F00BA7E5B /* Debug */ = {
			isa = XCBuildConfiguration;
			buildSettings = {
				CODE_SIGN_STYLE = Automatic;
				DEVELOPMENT_TEAM = W35GD34VEQ;
				INFOPLIST_FILE = CommonFunctionTests/Info.plist;
				LD_RUNPATH_SEARCH_PATHS = (
					"$(inherited)",
					"@executable_path/Frameworks",
					"@loader_path/Frameworks",
				);
				PRODUCT_BUNDLE_IDENTIFIER = com.xiaomi.zuanzuan.CommonFunctionTests;
				PRODUCT_NAME = "$(TARGET_NAME)";
				TARGETED_DEVICE_FAMILY = "1,2";
			};
			name = Debug;
		};
		F9EB692620B6564F00BA7E5B /* Release */ = {
			isa = XCBuildConfiguration;
			buildSettings = {
				CODE_SIGN_STYLE = Automatic;
				DEVELOPMENT_TEAM = W35GD34VEQ;
				INFOPLIST_FILE = CommonFunctionTests/Info.plist;
				LD_RUNPATH_SEARCH_PATHS = (
					"$(inherited)",
					"@executable_path/Frameworks",
					"@loader_path/Frameworks",
				);
				PRODUCT_BUNDLE_IDENTIFIER = com.xiaomi.zuanzuan.CommonFunctionTests;
				PRODUCT_NAME = "$(TARGET_NAME)";
				TARGETED_DEVICE_FAMILY = "1,2";
			};
			name = Release;
		};
/* End XCBuildConfiguration section */

/* Begin XCConfigurationList section */
		F9EB690720B6564F00BA7E5B /* Build configuration list for PBXProject "CommonFunction" */ = {
			isa = XCConfigurationList;
			buildConfigurations = (
				F9EB691F20B6564F00BA7E5B /* Debug */,
				F9EB692020B6564F00BA7E5B /* Release */,
			);
			defaultConfigurationIsVisible = 0;
			defaultConfigurationName = Release;
		};
		F9EB692120B6564F00BA7E5B /* Build configuration list for PBXNativeTarget "CommonFunction" */ = {
			isa = XCConfigurationList;
			buildConfigurations = (
				F9EB692220B6564F00BA7E5B /* Debug */,
				F9EB692320B6564F00BA7E5B /* Release */,
			);
			defaultConfigurationIsVisible = 0;
			defaultConfigurationName = Release;
		};
		F9EB692420B6564F00BA7E5B /* Build configuration list for PBXNativeTarget "CommonFunctionTests" */ = {
			isa = XCConfigurationList;
			buildConfigurations = (
				F9EB692520B6564F00BA7E5B /* Debug */,
				F9EB692620B6564F00BA7E5B /* Release */,
			);
			defaultConfigurationIsVisible = 0;
			defaultConfigurationName = Release;
		};
/* End XCConfigurationList section */
	};
	rootObject = F9EB690420B6564F00BA7E5B /* Project object */;
}
