// !$*UTF8*$!
{
	archiveVersion = 1;
	classes = {
	};
	objectVersion = 48;
	objects = {

/* Begin PBXBuildFile section */
		4FCB5892AB165F71DB2899E0 /* Pods_ZHProject.framework in Frameworks */ = {isa = PBXBuildFile; fileRef = 05E41D7D923959D4A0AD886D /* Pods_ZHProject.framework */; };
		86E945B2204FDB8D0033BB7E /* AppDelegate.m in Sources */ = {isa = PBXBuildFile; fileRef = 86E945B1204FDB8D0033BB7E /* AppDelegate.m */; };
		86E945B5204FDB8D0033BB7E /* ViewController.m in Sources */ = {isa = PBXBuildFile; fileRef = 86E945B4204FDB8D0033BB7E /* ViewController.m */; };
		86E945B8204FDB8D0033BB7E /* Main.storyboard in Resources */ = {isa = PBXBuildFile; fileRef = 86E945B6204FDB8D0033BB7E /* Main.storyboard */; };
		86E945BA204FDB8D0033BB7E /* Assets.xcassets in Resources */ = {isa = PBXBuildFile; fileRef = 86E945B9204FDB8D0033BB7E /* Assets.xcassets */; };
		86E945BD204FDB8D0033BB7E /* LaunchScreen.storyboard in Resources */ = {isa = PBXBuildFile; fileRef = 86E945BB204FDB8D0033BB7E /* LaunchScreen.storyboard */; };
		86E945C0204FDB8D0033BB7E /* main.m in Sources */ = {isa = PBXBuildFile; fileRef = 86E945BF204FDB8D0033BB7E /* main.m */; };
		86E945CA204FDF300033BB7E /* PerformanceMonitor.m in Sources */ = {isa = PBXBuildFile; fileRef = 86E945C7204FDF300033BB7E /* PerformanceMonitor.m */; };
		F9388CF02109AD7D00A30D62 /* ZHNavigationController.m in Sources */ = {isa = PBXBuildFile; fileRef = F9388CEF2109AD7D00A30D62 /* ZHNavigationController.m */; };
		F9388CF32109AD9E00A30D62 /* ZHNavigationBar.m in Sources */ = {isa = PBXBuildFile; fileRef = F9388CF22109AD9E00A30D62 /* ZHNavigationBar.m */; };
		F93EFD9D20F4A2CC004211FC /* XCBaseSettingController.m in Sources */ = {isa = PBXBuildFile; fileRef = F93EFD9B20F4A2CC004211FC /* XCBaseSettingController.m */; };
		F93EFDA220F4A2DD004211FC /* XCCommonSettingCell.m in Sources */ = {isa = PBXBuildFile; fileRef = F93EFD9E20F4A2DC004211FC /* XCCommonSettingCell.m */; };
		F93EFDA320F4A2DD004211FC /* XCSettingCellContainerView.m in Sources */ = {isa = PBXBuildFile; fileRef = F93EFDA020F4A2DC004211FC /* XCSettingCellContainerView.m */; };
		F93EFDAE20F4A2F1004211FC /* XCLabelItem.m in Sources */ = {isa = PBXBuildFile; fileRef = F93EFDA420F4A2F0004211FC /* XCLabelItem.m */; };
		F93EFDAF20F4A2F1004211FC /* XCCellItem.m in Sources */ = {isa = PBXBuildFile; fileRef = F93EFDA820F4A2F0004211FC /* XCCellItem.m */; };
		F93EFDB020F4A2F1004211FC /* XCSwitchItem.m in Sources */ = {isa = PBXBuildFile; fileRef = F93EFDA920F4A2F0004211FC /* XCSwitchItem.m */; };
		F93EFDB120F4A2F1004211FC /* XCCellGroupItem.m in Sources */ = {isa = PBXBuildFile; fileRef = F93EFDAA20F4A2F0004211FC /* XCCellGroupItem.m */; };
		F93EFDB220F4A2F1004211FC /* XCArrowItem.m in Sources */ = {isa = PBXBuildFile; fileRef = F93EFDAB20F4A2F0004211FC /* XCArrowItem.m */; };
		F93EFDB920F4A55E004211FC /* XCTextField.m in Sources */ = {isa = PBXBuildFile; fileRef = F93EFDB820F4A55E004211FC /* XCTextField.m */; };
		F93EFDBC20F4AE80004211FC /* ZHTableViewCell.m in Sources */ = {isa = PBXBuildFile; fileRef = F93EFDBB20F4AE80004211FC /* ZHTableViewCell.m */; };
		F93EFDBE20F4B0E3004211FC /* Network.framework in Frameworks */ = {isa = PBXBuildFile; fileRef = F93EFDBD20F4B0E3004211FC /* Network.framework */; };
		F93EFDC020F4B0EB004211FC /* BussinessFramework.framework in Frameworks */ = {isa = PBXBuildFile; fileRef = F93EFDBF20F4B0EB004211FC /* BussinessFramework.framework */; };
		F93EFDC220F4B0F3004211FC /* CommonFunction.framework in Frameworks */ = {isa = PBXBuildFile; fileRef = F93EFDC120F4B0F3004211FC /* CommonFunction.framework */; };
		F94B88FB210EE8DF00A4B63E /* UINavigationController+AnimateType.m in Sources */ = {isa = PBXBuildFile; fileRef = F94B88FA210EE8DF00A4B63E /* UINavigationController+AnimateType.m */; };
		F94B898F2113F13C00A4B63E /* json in Resources */ = {isa = PBXBuildFile; fileRef = F94B898E2113F13C00A4B63E /* json */; };
		F94B89922113F17100A4B63E /* SXScoreModel.m in Sources */ = {isa = PBXBuildFile; fileRef = F94B89912113F17100A4B63E /* SXScoreModel.m */; };
		F94B89952113F1E100A4B63E /* SXAddScoreView.m in Sources */ = {isa = PBXBuildFile; fileRef = F94B89942113F1E100A4B63E /* SXAddScoreView.m */; };
		F94B89B32114254700A4B63E /* JSONModel.m in Sources */ = {isa = PBXBuildFile; fileRef = F94B899A2114254700A4B63E /* JSONModel.m */; };
		F94B89B42114254700A4B63E /* JSONModelArray.m in Sources */ = {isa = PBXBuildFile; fileRef = F94B899C2114254700A4B63E /* JSONModelArray.m */; };
		F94B89B52114254700A4B63E /* JSONModelClassProperty.m in Sources */ = {isa = PBXBuildFile; fileRef = F94B899E2114254700A4B63E /* JSONModelClassProperty.m */; };
		F94B89B62114254700A4B63E /* JSONModelError.m in Sources */ = {isa = PBXBuildFile; fileRef = F94B89A02114254700A4B63E /* JSONModelError.m */; };
		F94B89B72114254700A4B63E /* NSArray+JSONModel.m in Sources */ = {isa = PBXBuildFile; fileRef = F94B89A32114254700A4B63E /* NSArray+JSONModel.m */; };
		F94B89B82114254700A4B63E /* JSONAPI.m in Sources */ = {isa = PBXBuildFile; fileRef = F94B89A72114254700A4B63E /* JSONAPI.m */; };
		F94B89B92114254700A4B63E /* JSONHTTPClient.m in Sources */ = {isa = PBXBuildFile; fileRef = F94B89A92114254700A4B63E /* JSONHTTPClient.m */; };
		F94B89BA2114254700A4B63E /* JSONModel+networking.m in Sources */ = {isa = PBXBuildFile; fileRef = F94B89AB2114254700A4B63E /* JSONModel+networking.m */; };
		F94B89BB2114254700A4B63E /* JSONKeyMapper.m in Sources */ = {isa = PBXBuildFile; fileRef = F94B89AE2114254700A4B63E /* JSONKeyMapper.m */; };
		F94B89BC2114254700A4B63E /* JSONValueTransformer.m in Sources */ = {isa = PBXBuildFile; fileRef = F94B89B02114254700A4B63E /* JSONValueTransformer.m */; };
		F94B89BD2114254700A4B63E /* LICENSE_jsonmodel.txt in Resources */ = {isa = PBXBuildFile; fileRef = F94B89B12114254700A4B63E /* LICENSE_jsonmodel.txt */; };
		F94B89BE2114254700A4B63E /* README.md in Resources */ = {isa = PBXBuildFile; fileRef = F94B89B22114254700A4B63E /* README.md */; };
		F9BC7CCC20DA439C008BE310 /* TestService.m in Sources */ = {isa = PBXBuildFile; fileRef = F9BC7CCB20DA439C008BE310 /* TestService.m */; };
/* End PBXBuildFile section */

/* Begin PBXFileReference section */
		05E41D7D923959D4A0AD886D /* Pods_ZHProject.framework */ = {isa = PBXFileReference; explicitFileType = wrapper.framework; includeInIndex = 0; path = Pods_ZHProject.framework; sourceTree = BUILT_PRODUCTS_DIR; };
		353F6F2D0F1B07FC6C594E9B /* Pods-ZHProject.release.xcconfig */ = {isa = PBXFileReference; includeInIndex = 1; lastKnownFileType = text.xcconfig; name = "Pods-ZHProject.release.xcconfig"; path = "Pods/Target Support Files/Pods-ZHProject/Pods-ZHProject.release.xcconfig"; sourceTree = "<group>"; };
		7FBD28D63E2E57E6132EBE73 /* Pods-ZHProject.debug.xcconfig */ = {isa = PBXFileReference; includeInIndex = 1; lastKnownFileType = text.xcconfig; name = "Pods-ZHProject.debug.xcconfig"; path = "Pods/Target Support Files/Pods-ZHProject/Pods-ZHProject.debug.xcconfig"; sourceTree = "<group>"; };
		86E945AD204FDB8D0033BB7E /* ZHProject.app */ = {isa = PBXFileReference; explicitFileType = wrapper.application; includeInIndex = 0; path = ZHProject.app; sourceTree = BUILT_PRODUCTS_DIR; };
		86E945B0204FDB8D0033BB7E /* AppDelegate.h */ = {isa = PBXFileReference; lastKnownFileType = sourcecode.c.h; path = AppDelegate.h; sourceTree = "<group>"; };
		86E945B1204FDB8D0033BB7E /* AppDelegate.m */ = {isa = PBXFileReference; lastKnownFileType = sourcecode.c.objc; path = AppDelegate.m; sourceTree = "<group>"; };
		86E945B3204FDB8D0033BB7E /* ViewController.h */ = {isa = PBXFileReference; lastKnownFileType = sourcecode.c.h; path = ViewController.h; sourceTree = "<group>"; };
		86E945B4204FDB8D0033BB7E /* ViewController.m */ = {isa = PBXFileReference; lastKnownFileType = sourcecode.c.objc; path = ViewController.m; sourceTree = "<group>"; };
		86E945B7204FDB8D0033BB7E /* Base */ = {isa = PBXFileReference; lastKnownFileType = file.storyboard; name = Base; path = Base.lproj/Main.storyboard; sourceTree = "<group>"; };
		86E945B9204FDB8D0033BB7E /* Assets.xcassets */ = {isa = PBXFileReference; lastKnownFileType = folder.assetcatalog; path = Assets.xcassets; sourceTree = "<group>"; };
		86E945BC204FDB8D0033BB7E /* Base */ = {isa = PBXFileReference; lastKnownFileType = file.storyboard; name = Base; path = Base.lproj/LaunchScreen.storyboard; sourceTree = "<group>"; };
		86E945BE204FDB8D0033BB7E /* Info.plist */ = {isa = PBXFileReference; lastKnownFileType = text.plist.xml; path = Info.plist; sourceTree = "<group>"; };
		86E945BF204FDB8D0033BB7E /* main.m */ = {isa = PBXFileReference; lastKnownFileType = sourcecode.c.objc; path = main.m; sourceTree = "<group>"; };
		86E945C6204FDF300033BB7E /* PerformanceMonitor.h */ = {isa = PBXFileReference; fileEncoding = 4; lastKnownFileType = sourcecode.c.h; path = PerformanceMonitor.h; sourceTree = "<group>"; };
		86E945C7204FDF300033BB7E /* PerformanceMonitor.m */ = {isa = PBXFileReference; fileEncoding = 4; lastKnownFileType = sourcecode.c.objc; path = PerformanceMonitor.m; sourceTree = "<group>"; };
		F912AE3F20CF5C7400393ECA /* ZHNetwork.framework */ = {isa = PBXFileReference; explicitFileType = wrapper.framework; path = ZHNetwork.framework; sourceTree = BUILT_PRODUCTS_DIR; };
		F912AE4220CF5FFE00393ECA /* ZHNetwork.framework */ = {isa = PBXFileReference; explicitFileType = wrapper.framework; path = ZHNetwork.framework; sourceTree = BUILT_PRODUCTS_DIR; };
		F912AE4420CF620B00393ECA /* ZHNetwork.framework */ = {isa = PBXFileReference; explicitFileType = wrapper.framework; path = ZHNetwork.framework; sourceTree = BUILT_PRODUCTS_DIR; };
		F912AF0F20CF6D3C00393ECA /* ZHNetwork.framework */ = {isa = PBXFileReference; explicitFileType = wrapper.framework; path = ZHNetwork.framework; sourceTree = BUILT_PRODUCTS_DIR; };
		F912AF1120CF6D6000393ECA /* Pods_ZHNetwork.framework */ = {isa = PBXFileReference; explicitFileType = wrapper.framework; path = Pods_ZHNetwork.framework; sourceTree = BUILT_PRODUCTS_DIR; };
		F912AF1320CF6F6300393ECA /* ZHNetwork.framework */ = {isa = PBXFileReference; explicitFileType = wrapper.framework; path = ZHNetwork.framework; sourceTree = BUILT_PRODUCTS_DIR; };
		F912B07F20CF726D00393ECA /* Network.framework */ = {isa = PBXFileReference; explicitFileType = wrapper.framework; path = Network.framework; sourceTree = BUILT_PRODUCTS_DIR; };
		F912B08120CF728900393ECA /* Network.framework */ = {isa = PBXFileReference; explicitFileType = wrapper.framework; path = Network.framework; sourceTree = BUILT_PRODUCTS_DIR; };
		F912B08320CF9CAE00393ECA /* BussinessFramework.framework */ = {isa = PBXFileReference; explicitFileType = wrapper.framework; path = BussinessFramework.framework; sourceTree = BUILT_PRODUCTS_DIR; };
		F912B08520CF9CB500393ECA /* CommonFunction.framework */ = {isa = PBXFileReference; explicitFileType = wrapper.framework; path = CommonFunction.framework; sourceTree = BUILT_PRODUCTS_DIR; };
		F9348E8620C512B00083246C /* CommonFunction.framework */ = {isa = PBXFileReference; explicitFileType = wrapper.framework; path = CommonFunction.framework; sourceTree = BUILT_PRODUCTS_DIR; };
		F9348E8820C513C80083246C /* Pods_CommonFunction.framework */ = {isa = PBXFileReference; explicitFileType = wrapper.framework; path = Pods_CommonFunction.framework; sourceTree = BUILT_PRODUCTS_DIR; };
		F9348E8A20C513E90083246C /* CommonFunction.framework */ = {isa = PBXFileReference; explicitFileType = wrapper.framework; path = CommonFunction.framework; sourceTree = BUILT_PRODUCTS_DIR; };
		F9349F8C20C931EC0083246C /* BussinessFramework.framework */ = {isa = PBXFileReference; explicitFileType = wrapper.framework; path = BussinessFramework.framework; sourceTree = BUILT_PRODUCTS_DIR; };
		F9388CEE2109AD7D00A30D62 /* ZHNavigationController.h */ = {isa = PBXFileReference; lastKnownFileType = sourcecode.c.h; path = ZHNavigationController.h; sourceTree = "<group>"; };
		F9388CEF2109AD7D00A30D62 /* ZHNavigationController.m */ = {isa = PBXFileReference; lastKnownFileType = sourcecode.c.objc; path = ZHNavigationController.m; sourceTree = "<group>"; };
		F9388CF12109AD9E00A30D62 /* ZHNavigationBar.h */ = {isa = PBXFileReference; lastKnownFileType = sourcecode.c.h; path = ZHNavigationBar.h; sourceTree = "<group>"; };
		F9388CF22109AD9E00A30D62 /* ZHNavigationBar.m */ = {isa = PBXFileReference; lastKnownFileType = sourcecode.c.objc; path = ZHNavigationBar.m; sourceTree = "<group>"; };
		F93EFD9B20F4A2CC004211FC /* XCBaseSettingController.m */ = {isa = PBXFileReference; fileEncoding = 4; lastKnownFileType = sourcecode.c.objc; path = XCBaseSettingController.m; sourceTree = "<group>"; };
		F93EFD9C20F4A2CC004211FC /* XCBaseSettingController.h */ = {isa = PBXFileReference; fileEncoding = 4; lastKnownFileType = sourcecode.c.h; path = XCBaseSettingController.h; sourceTree = "<group>"; };
		F93EFD9E20F4A2DC004211FC /* XCCommonSettingCell.m */ = {isa = PBXFileReference; fileEncoding = 4; lastKnownFileType = sourcecode.c.objc; path = XCCommonSettingCell.m; sourceTree = "<group>"; };
		F93EFD9F20F4A2DC004211FC /* XCCommonSettingCell.h */ = {isa = PBXFileReference; fileEncoding = 4; lastKnownFileType = sourcecode.c.h; path = XCCommonSettingCell.h; sourceTree = "<group>"; };
		F93EFDA020F4A2DC004211FC /* XCSettingCellContainerView.m */ = {isa = PBXFileReference; fileEncoding = 4; lastKnownFileType = sourcecode.c.objc; path = XCSettingCellContainerView.m; sourceTree = "<group>"; };
		F93EFDA120F4A2DD004211FC /* XCSettingCellContainerView.h */ = {isa = PBXFileReference; fileEncoding = 4; lastKnownFileType = sourcecode.c.h; path = XCSettingCellContainerView.h; sourceTree = "<group>"; };
		F93EFDA420F4A2F0004211FC /* XCLabelItem.m */ = {isa = PBXFileReference; fileEncoding = 4; lastKnownFileType = sourcecode.c.objc; path = XCLabelItem.m; sourceTree = "<group>"; };
		F93EFDA520F4A2F0004211FC /* XCCellItem.h */ = {isa = PBXFileReference; fileEncoding = 4; lastKnownFileType = sourcecode.c.h; path = XCCellItem.h; sourceTree = "<group>"; };
		F93EFDA620F4A2F0004211FC /* XCCellGroupItem.h */ = {isa = PBXFileReference; fileEncoding = 4; lastKnownFileType = sourcecode.c.h; path = XCCellGroupItem.h; sourceTree = "<group>"; };
		F93EFDA720F4A2F0004211FC /* XCArrowItem.h */ = {isa = PBXFileReference; fileEncoding = 4; lastKnownFileType = sourcecode.c.h; path = XCArrowItem.h; sourceTree = "<group>"; };
		F93EFDA820F4A2F0004211FC /* XCCellItem.m */ = {isa = PBXFileReference; fileEncoding = 4; lastKnownFileType = sourcecode.c.objc; path = XCCellItem.m; sourceTree = "<group>"; };
		F93EFDA920F4A2F0004211FC /* XCSwitchItem.m */ = {isa = PBXFileReference; fileEncoding = 4; lastKnownFileType = sourcecode.c.objc; path = XCSwitchItem.m; sourceTree = "<group>"; };
		F93EFDAA20F4A2F0004211FC /* XCCellGroupItem.m */ = {isa = PBXFileReference; fileEncoding = 4; lastKnownFileType = sourcecode.c.objc; path = XCCellGroupItem.m; sourceTree = "<group>"; };
		F93EFDAB20F4A2F0004211FC /* XCArrowItem.m */ = {isa = PBXFileReference; fileEncoding = 4; lastKnownFileType = sourcecode.c.objc; path = XCArrowItem.m; sourceTree = "<group>"; };
		F93EFDAC20F4A2F0004211FC /* XCSwitchItem.h */ = {isa = PBXFileReference; fileEncoding = 4; lastKnownFileType = sourcecode.c.h; path = XCSwitchItem.h; sourceTree = "<group>"; };
		F93EFDAD20F4A2F0004211FC /* XCLabelItem.h */ = {isa = PBXFileReference; fileEncoding = 4; lastKnownFileType = sourcecode.c.h; path = XCLabelItem.h; sourceTree = "<group>"; };
		F93EFDB720F4A55E004211FC /* XCTextField.h */ = {isa = PBXFileReference; fileEncoding = 4; lastKnownFileType = sourcecode.c.h; path = XCTextField.h; sourceTree = "<group>"; };
		F93EFDB820F4A55E004211FC /* XCTextField.m */ = {isa = PBXFileReference; fileEncoding = 4; lastKnownFileType = sourcecode.c.objc; path = XCTextField.m; sourceTree = "<group>"; };
		F93EFDBA20F4AE80004211FC /* ZHTableViewCell.h */ = {isa = PBXFileReference; lastKnownFileType = sourcecode.c.h; path = ZHTableViewCell.h; sourceTree = "<group>"; };
		F93EFDBB20F4AE80004211FC /* ZHTableViewCell.m */ = {isa = PBXFileReference; lastKnownFileType = sourcecode.c.objc; path = ZHTableViewCell.m; sourceTree = "<group>"; };
		F93EFDBD20F4B0E3004211FC /* Network.framework */ = {isa = PBXFileReference; explicitFileType = wrapper.framework; path = Network.framework; sourceTree = BUILT_PRODUCTS_DIR; };
		F93EFDBF20F4B0EB004211FC /* BussinessFramework.framework */ = {isa = PBXFileReference; explicitFileType = wrapper.framework; path = BussinessFramework.framework; sourceTree = BUILT_PRODUCTS_DIR; };
		F93EFDC120F4B0F3004211FC /* CommonFunction.framework */ = {isa = PBXFileReference; explicitFileType = wrapper.framework; path = CommonFunction.framework; sourceTree = BUILT_PRODUCTS_DIR; };
		F94B88F9210EE8DF00A4B63E /* UINavigationController+AnimateType.h */ = {isa = PBXFileReference; lastKnownFileType = sourcecode.c.h; path = "UINavigationController+AnimateType.h"; sourceTree = "<group>"; };
		F94B88FA210EE8DF00A4B63E /* UINavigationController+AnimateType.m */ = {isa = PBXFileReference; lastKnownFileType = sourcecode.c.objc; path = "UINavigationController+AnimateType.m"; sourceTree = "<group>"; };
		F94B898E2113F13C00A4B63E /* json */ = {isa = PBXFileReference; fileEncoding = 4; lastKnownFileType = text; path = json; sourceTree = "<group>"; };
		F94B89902113F17000A4B63E /* SXScoreModel.h */ = {isa = PBXFileReference; fileEncoding = 4; lastKnownFileType = sourcecode.c.h; path = SXScoreModel.h; sourceTree = "<group>"; };
		F94B89912113F17100A4B63E /* SXScoreModel.m */ = {isa = PBXFileReference; fileEncoding = 4; lastKnownFileType = sourcecode.c.objc; path = SXScoreModel.m; sourceTree = "<group>"; };
		F94B89932113F1E100A4B63E /* SXAddScoreView.h */ = {isa = PBXFileReference; lastKnownFileType = sourcecode.c.h; path = SXAddScoreView.h; sourceTree = "<group>"; };
		F94B89942113F1E100A4B63E /* SXAddScoreView.m */ = {isa = PBXFileReference; lastKnownFileType = sourcecode.c.objc; path = SXAddScoreView.m; sourceTree = "<group>"; };
		F94B89992114254700A4B63E /* JSONModel.h */ = {isa = PBXFileReference; fileEncoding = 4; lastKnownFileType = sourcecode.c.h; path = JSONModel.h; sourceTree = "<group>"; };
		F94B899A2114254700A4B63E /* JSONModel.m */ = {isa = PBXFileReference; fileEncoding = 4; lastKnownFileType = sourcecode.c.objc; path = JSONModel.m; sourceTree = "<group>"; };
		F94B899B2114254700A4B63E /* JSONModelArray.h */ = {isa = PBXFileReference; fileEncoding = 4; lastKnownFileType = sourcecode.c.h; path = JSONModelArray.h; sourceTree = "<group>"; };
		F94B899C2114254700A4B63E /* JSONModelArray.m */ = {isa = PBXFileReference; fileEncoding = 4; lastKnownFileType = sourcecode.c.objc; path = JSONModelArray.m; sourceTree = "<group>"; };
		F94B899D2114254700A4B63E /* JSONModelClassProperty.h */ = {isa = PBXFileReference; fileEncoding = 4; lastKnownFileType = sourcecode.c.h; path = JSONModelClassProperty.h; sourceTree = "<group>"; };
		F94B899E2114254700A4B63E /* JSONModelClassProperty.m */ = {isa = PBXFileReference; fileEncoding = 4; lastKnownFileType = sourcecode.c.objc; path = JSONModelClassProperty.m; sourceTree = "<group>"; };
		F94B899F2114254700A4B63E /* JSONModelError.h */ = {isa = PBXFileReference; fileEncoding = 4; lastKnownFileType = sourcecode.c.h; path = JSONModelError.h; sourceTree = "<group>"; };
		F94B89A02114254700A4B63E /* JSONModelError.m */ = {isa = PBXFileReference; fileEncoding = 4; lastKnownFileType = sourcecode.c.objc; path = JSONModelError.m; sourceTree = "<group>"; };
		F94B89A22114254700A4B63E /* NSArray+JSONModel.h */ = {isa = PBXFileReference; fileEncoding = 4; lastKnownFileType = sourcecode.c.h; path = "NSArray+JSONModel.h"; sourceTree = "<group>"; };
		F94B89A32114254700A4B63E /* NSArray+JSONModel.m */ = {isa = PBXFileReference; fileEncoding = 4; lastKnownFileType = sourcecode.c.objc; path = "NSArray+JSONModel.m"; sourceTree = "<group>"; };
		F94B89A42114254700A4B63E /* JSONModelLib.h */ = {isa = PBXFileReference; fileEncoding = 4; lastKnownFileType = sourcecode.c.h; path = JSONModelLib.h; sourceTree = "<group>"; };
		F94B89A62114254700A4B63E /* JSONAPI.h */ = {isa = PBXFileReference; fileEncoding = 4; lastKnownFileType = sourcecode.c.h; path = JSONAPI.h; sourceTree = "<group>"; };
		F94B89A72114254700A4B63E /* JSONAPI.m */ = {isa = PBXFileReference; fileEncoding = 4; lastKnownFileType = sourcecode.c.objc; path = JSONAPI.m; sourceTree = "<group>"; };
		F94B89A82114254700A4B63E /* JSONHTTPClient.h */ = {isa = PBXFileReference; fileEncoding = 4; lastKnownFileType = sourcecode.c.h; path = JSONHTTPClient.h; sourceTree = "<group>"; };
		F94B89A92114254700A4B63E /* JSONHTTPClient.m */ = {isa = PBXFileReference; fileEncoding = 4; lastKnownFileType = sourcecode.c.objc; path = JSONHTTPClient.m; sourceTree = "<group>"; };
		F94B89AA2114254700A4B63E /* JSONModel+networking.h */ = {isa = PBXFileReference; fileEncoding = 4; lastKnownFileType = sourcecode.c.h; path = "JSONModel+networking.h"; sourceTree = "<group>"; };
		F94B89AB2114254700A4B63E /* JSONModel+networking.m */ = {isa = PBXFileReference; fileEncoding = 4; lastKnownFileType = sourcecode.c.objc; path = "JSONModel+networking.m"; sourceTree = "<group>"; };
		F94B89AD2114254700A4B63E /* JSONKeyMapper.h */ = {isa = PBXFileReference; fileEncoding = 4; lastKnownFileType = sourcecode.c.h; path = JSONKeyMapper.h; sourceTree = "<group>"; };
		F94B89AE2114254700A4B63E /* JSONKeyMapper.m */ = {isa = PBXFileReference; fileEncoding = 4; lastKnownFileType = sourcecode.c.objc; path = JSONKeyMapper.m; sourceTree = "<group>"; };
		F94B89AF2114254700A4B63E /* JSONValueTransformer.h */ = {isa = PBXFileReference; fileEncoding = 4; lastKnownFileType = sourcecode.c.h; path = JSONValueTransformer.h; sourceTree = "<group>"; };
		F94B89B02114254700A4B63E /* JSONValueTransformer.m */ = {isa = PBXFileReference; fileEncoding = 4; lastKnownFileType = sourcecode.c.objc; path = JSONValueTransformer.m; sourceTree = "<group>"; };
		F94B89B12114254700A4B63E /* LICENSE_jsonmodel.txt */ = {isa = PBXFileReference; fileEncoding = 4; lastKnownFileType = text; path = LICENSE_jsonmodel.txt; sourceTree = "<group>"; };
		F94B89B22114254700A4B63E /* README.md */ = {isa = PBXFileReference; fileEncoding = 4; lastKnownFileType = net.daringfireball.markdown; path = README.md; sourceTree = "<group>"; };
		F9BC7CCA20DA439C008BE310 /* TestService.h */ = {isa = PBXFileReference; lastKnownFileType = sourcecode.c.h; path = TestService.h; sourceTree = "<group>"; };
		F9BC7CCB20DA439C008BE310 /* TestService.m */ = {isa = PBXFileReference; lastKnownFileType = sourcecode.c.objc; path = TestService.m; sourceTree = "<group>"; };
		F9C3A0C120BEB11C004AE87D /* ZHProject_PrefixHeader.h */ = {isa = PBXFileReference; lastKnownFileType = sourcecode.c.h; path = ZHProject_PrefixHeader.h; sourceTree = "<group>"; };
/* End PBXFileReference section */

/* Begin PBXFrameworksBuildPhase section */
		86E945AA204FDB8D0033BB7E /* Frameworks */ = {
			isa = PBXFrameworksBuildPhase;
			buildActionMask = 2147483647;
			files = (
				F93EFDC220F4B0F3004211FC /* CommonFunction.framework in Frameworks */,
				F93EFDC020F4B0EB004211FC /* BussinessFramework.framework in Frameworks */,
				F93EFDBE20F4B0E3004211FC /* Network.framework in Frameworks */,
				4FCB5892AB165F71DB2899E0 /* Pods_ZHProject.framework in Frameworks */,
			);
			runOnlyForDeploymentPostprocessing = 0;
		};
/* End PBXFrameworksBuildPhase section */

/* Begin PBXGroup section */
		4841E2A2247B018A551D2D77 /* Pods */ = {
			isa = PBXGroup;
			children = (
				7FBD28D63E2E57E6132EBE73 /* Pods-ZHProject.debug.xcconfig */,
				353F6F2D0F1B07FC6C594E9B /* Pods-ZHProject.release.xcconfig */,
			);
			name = Pods;
			sourceTree = "<group>";
		};
		5B21560E608949D3011B441A /* Frameworks */ = {
			isa = PBXGroup;
			children = (
				F93EFDC120F4B0F3004211FC /* CommonFunction.framework */,
				F93EFDBF20F4B0EB004211FC /* BussinessFramework.framework */,
				F93EFDBD20F4B0E3004211FC /* Network.framework */,
				F912B08520CF9CB500393ECA /* CommonFunction.framework */,
				F912B08320CF9CAE00393ECA /* BussinessFramework.framework */,
				F912B08120CF728900393ECA /* Network.framework */,
				F912B07F20CF726D00393ECA /* Network.framework */,
				F912AF1320CF6F6300393ECA /* ZHNetwork.framework */,
				F912AF1120CF6D6000393ECA /* Pods_ZHNetwork.framework */,
				F912AF0F20CF6D3C00393ECA /* ZHNetwork.framework */,
				F912AE4420CF620B00393ECA /* ZHNetwork.framework */,
				F912AE4220CF5FFE00393ECA /* ZHNetwork.framework */,
				F912AE3F20CF5C7400393ECA /* ZHNetwork.framework */,
				F9349F8C20C931EC0083246C /* BussinessFramework.framework */,
				F9348E8A20C513E90083246C /* CommonFunction.framework */,
				F9348E8820C513C80083246C /* Pods_CommonFunction.framework */,
				F9348E8620C512B00083246C /* CommonFunction.framework */,
				05E41D7D923959D4A0AD886D /* Pods_ZHProject.framework */,
			);
			name = Frameworks;
			sourceTree = "<group>";
		};
		86E945A4204FDB8D0033BB7E = {
			isa = PBXGroup;
			children = (
				86E945AF204FDB8D0033BB7E /* ZHProject */,
				86E945AE204FDB8D0033BB7E /* Products */,
				4841E2A2247B018A551D2D77 /* Pods */,
				5B21560E608949D3011B441A /* Frameworks */,
			);
			sourceTree = "<group>";
		};
		86E945AE204FDB8D0033BB7E /* Products */ = {
			isa = PBXGroup;
			children = (
				86E945AD204FDB8D0033BB7E /* ZHProject.app */,
			);
			name = Products;
			sourceTree = "<group>";
		};
		86E945AF204FDB8D0033BB7E /* ZHProject */ = {
			isa = PBXGroup;
			children = (
				F93EFDB620F4A548004211FC /* CommoinUI */,
				F93EFD9920F4A279004211FC /* Setting */,
				86E945CC205006AE0033BB7E /* category */,
				86E945C6204FDF300033BB7E /* PerformanceMonitor.h */,
				86E945C7204FDF300033BB7E /* PerformanceMonitor.m */,
				86E945B0204FDB8D0033BB7E /* AppDelegate.h */,
				86E945B1204FDB8D0033BB7E /* AppDelegate.m */,
				86E945B3204FDB8D0033BB7E /* ViewController.h */,
				86E945B4204FDB8D0033BB7E /* ViewController.m */,
				F94B89932113F1E100A4B63E /* SXAddScoreView.h */,
				F94B89942113F1E100A4B63E /* SXAddScoreView.m */,
				F94B89902113F17000A4B63E /* SXScoreModel.h */,
				F94B89962114254700A4B63E /* JSONModel */,
				F94B89912113F17100A4B63E /* SXScoreModel.m */,
				F94B898E2113F13C00A4B63E /* json */,
				F9BC7CCA20DA439C008BE310 /* TestService.h */,
				F9BC7CCB20DA439C008BE310 /* TestService.m */,
				86E945B6204FDB8D0033BB7E /* Main.storyboard */,
				86E945B9204FDB8D0033BB7E /* Assets.xcassets */,
				86E945BB204FDB8D0033BB7E /* LaunchScreen.storyboard */,
				86E945BE204FDB8D0033BB7E /* Info.plist */,
				86E945BF204FDB8D0033BB7E /* main.m */,
				F9C3A0C120BEB11C004AE87D /* ZHProject_PrefixHeader.h */,
			);
			path = ZHProject;
			sourceTree = "<group>";
		};
		86E945CC205006AE0033BB7E /* category */ = {
			isa = PBXGroup;
			children = (
			);
			path = category;
			sourceTree = "<group>";
		};
		F9388CED2109AD6200A30D62 /* Navigation */ = {
			isa = PBXGroup;
			children = (
				F9388CEE2109AD7D00A30D62 /* ZHNavigationController.h */,
				F9388CEF2109AD7D00A30D62 /* ZHNavigationController.m */,
				F9388CF12109AD9E00A30D62 /* ZHNavigationBar.h */,
				F9388CF22109AD9E00A30D62 /* ZHNavigationBar.m */,
				F94B88F9210EE8DF00A4B63E /* UINavigationController+AnimateType.h */,
				F94B88FA210EE8DF00A4B63E /* UINavigationController+AnimateType.m */,
			);
			path = Navigation;
			sourceTree = "<group>";
		};
		F93EFD9920F4A279004211FC /* Setting */ = {
			isa = PBXGroup;
			children = (
				F93EFDB520F4A309004211FC /* Model */,
				F93EFDB420F4A2FF004211FC /* view */,
				F93EFDB320F4A2F6004211FC /* Controller */,
			);
			path = Setting;
			sourceTree = "<group>";
		};
		F93EFDB320F4A2F6004211FC /* Controller */ = {
			isa = PBXGroup;
			children = (
				F93EFD9C20F4A2CC004211FC /* XCBaseSettingController.h */,
				F93EFD9B20F4A2CC004211FC /* XCBaseSettingController.m */,
			);
			path = Controller;
			sourceTree = "<group>";
		};
		F93EFDB420F4A2FF004211FC /* view */ = {
			isa = PBXGroup;
			children = (
				F93EFD9F20F4A2DC004211FC /* XCCommonSettingCell.h */,
				F93EFD9E20F4A2DC004211FC /* XCCommonSettingCell.m */,
				F93EFDA120F4A2DD004211FC /* XCSettingCellContainerView.h */,
				F93EFDA020F4A2DC004211FC /* XCSettingCellContainerView.m */,
			);
			path = view;
			sourceTree = "<group>";
		};
		F93EFDB520F4A309004211FC /* Model */ = {
			isa = PBXGroup;
			children = (
				F93EFDA720F4A2F0004211FC /* XCArrowItem.h */,
				F93EFDAB20F4A2F0004211FC /* XCArrowItem.m */,
				F93EFDA620F4A2F0004211FC /* XCCellGroupItem.h */,
				F93EFDAA20F4A2F0004211FC /* XCCellGroupItem.m */,
				F93EFDA520F4A2F0004211FC /* XCCellItem.h */,
				F93EFDA820F4A2F0004211FC /* XCCellItem.m */,
				F93EFDAD20F4A2F0004211FC /* XCLabelItem.h */,
				F93EFDA420F4A2F0004211FC /* XCLabelItem.m */,
				F93EFDAC20F4A2F0004211FC /* XCSwitchItem.h */,
				F93EFDA920F4A2F0004211FC /* XCSwitchItem.m */,
			);
			path = Model;
			sourceTree = "<group>";
		};
		F93EFDB620F4A548004211FC /* CommoinUI */ = {
			isa = PBXGroup;
			children = (
				F9388CED2109AD6200A30D62 /* Navigation */,
				F93EFDB720F4A55E004211FC /* XCTextField.h */,
				F93EFDB820F4A55E004211FC /* XCTextField.m */,
				F93EFDBA20F4AE80004211FC /* ZHTableViewCell.h */,
				F93EFDBB20F4AE80004211FC /* ZHTableViewCell.m */,
			);
			path = CommoinUI;
			sourceTree = "<group>";
		};
		F94B89962114254700A4B63E /* JSONModel */ = {
			isa = PBXGroup;
			children = (
				F94B89972114254700A4B63E /* JSONModel */,
				F94B89B12114254700A4B63E /* LICENSE_jsonmodel.txt */,
				F94B89B22114254700A4B63E /* README.md */,
			);
			path = JSONModel;
			sourceTree = "<group>";
		};
		F94B89972114254700A4B63E /* JSONModel */ = {
			isa = PBXGroup;
			children = (
				F94B89982114254700A4B63E /* JSONModel */,
				F94B89A12114254700A4B63E /* JSONModelCategories */,
				F94B89A42114254700A4B63E /* JSONModelLib.h */,
				F94B89A52114254700A4B63E /* JSONModelNetworking */,
				F94B89AC2114254700A4B63E /* JSONModelTransformations */,
			);
			path = JSONModel;
			sourceTree = "<group>";
		};
		F94B89982114254700A4B63E /* JSONModel */ = {
			isa = PBXGroup;
			children = (
				F94B89992114254700A4B63E /* JSONModel.h */,
				F94B899A2114254700A4B63E /* JSONModel.m */,
				F94B899B2114254700A4B63E /* JSONModelArray.h */,
				F94B899C2114254700A4B63E /* JSONModelArray.m */,
				F94B899D2114254700A4B63E /* JSONModelClassProperty.h */,
				F94B899E2114254700A4B63E /* JSONModelClassProperty.m */,
				F94B899F2114254700A4B63E /* JSONModelError.h */,
				F94B89A02114254700A4B63E /* JSONModelError.m */,
			);
			path = JSONModel;
			sourceTree = "<group>";
		};
		F94B89A12114254700A4B63E /* JSONModelCategories */ = {
			isa = PBXGroup;
			children = (
				F94B89A22114254700A4B63E /* NSArray+JSONModel.h */,
				F94B89A32114254700A4B63E /* NSArray+JSONModel.m */,
			);
			path = JSONModelCategories;
			sourceTree = "<group>";
		};
		F94B89A52114254700A4B63E /* JSONModelNetworking */ = {
			isa = PBXGroup;
			children = (
				F94B89A62114254700A4B63E /* JSONAPI.h */,
				F94B89A72114254700A4B63E /* JSONAPI.m */,
				F94B89A82114254700A4B63E /* JSONHTTPClient.h */,
				F94B89A92114254700A4B63E /* JSONHTTPClient.m */,
				F94B89AA2114254700A4B63E /* JSONModel+networking.h */,
				F94B89AB2114254700A4B63E /* JSONModel+networking.m */,
			);
			path = JSONModelNetworking;
			sourceTree = "<group>";
		};
		F94B89AC2114254700A4B63E /* JSONModelTransformations */ = {
			isa = PBXGroup;
			children = (
				F94B89AD2114254700A4B63E /* JSONKeyMapper.h */,
				F94B89AE2114254700A4B63E /* JSONKeyMapper.m */,
				F94B89AF2114254700A4B63E /* JSONValueTransformer.h */,
				F94B89B02114254700A4B63E /* JSONValueTransformer.m */,
			);
			path = JSONModelTransformations;
			sourceTree = "<group>";
		};
/* End PBXGroup section */

/* Begin PBXNativeTarget section */
		86E945AC204FDB8D0033BB7E /* ZHProject */ = {
			isa = PBXNativeTarget;
			buildConfigurationList = 86E945C3204FDB8D0033BB7E /* Build configuration list for PBXNativeTarget "ZHProject" */;
			buildPhases = (
				9B133882E2139520CABCD9B7 /* [CP] Check Pods Manifest.lock */,
				86E945A9204FDB8D0033BB7E /* Sources */,
				86E945AA204FDB8D0033BB7E /* Frameworks */,
				86E945AB204FDB8D0033BB7E /* Resources */,
				1FE7AE207E71155578C16E69 /* [CP] Embed Pods Frameworks */,
			);
			buildRules = (
			);
			dependencies = (
			);
			name = ZHProject;
			productName = ZHProject;
			productReference = 86E945AD204FDB8D0033BB7E /* ZHProject.app */;
			productType = "com.apple.product-type.application";
		};
/* End PBXNativeTarget section */

/* Begin PBXProject section */
		86E945A5204FDB8D0033BB7E /* Project object */ = {
			isa = PBXProject;
			attributes = {
				LastUpgradeCheck = 0920;
				ORGANIZATIONNAME = autohome;
				TargetAttributes = {
					86E945AC204FDB8D0033BB7E = {
						CreatedOnToolsVersion = 9.2;
						ProvisioningStyle = Automatic;
					};
				};
			};
			buildConfigurationList = 86E945A8204FDB8D0033BB7E /* Build configuration list for PBXProject "ZHProject" */;
			compatibilityVersion = "Xcode 8.0";
			developmentRegion = en;
			hasScannedForEncodings = 0;
			knownRegions = (
				en,
				Base,
			);
			mainGroup = 86E945A4204FDB8D0033BB7E;
			productRefGroup = 86E945AE204FDB8D0033BB7E /* Products */;
			projectDirPath = "";
			projectRoot = "";
			targets = (
				86E945AC204FDB8D0033BB7E /* ZHProject */,
			);
		};
/* End PBXProject section */

/* Begin PBXResourcesBuildPhase section */
		86E945AB204FDB8D0033BB7E /* Resources */ = {
			isa = PBXResourcesBuildPhase;
			buildActionMask = 2147483647;
			files = (
				F94B89BE2114254700A4B63E /* README.md in Resources */,
				86E945BD204FDB8D0033BB7E /* LaunchScreen.storyboard in Resources */,
				86E945BA204FDB8D0033BB7E /* Assets.xcassets in Resources */,
				F94B898F2113F13C00A4B63E /* json in Resources */,
				86E945B8204FDB8D0033BB7E /* Main.storyboard in Resources */,
				F94B89BD2114254700A4B63E /* LICENSE_jsonmodel.txt in Resources */,
			);
			runOnlyForDeploymentPostprocessing = 0;
		};
/* End PBXResourcesBuildPhase section */

/* Begin PBXShellScriptBuildPhase section */
		1FE7AE207E71155578C16E69 /* [CP] Embed Pods Frameworks */ = {
			isa = PBXShellScriptBuildPhase;
			buildActionMask = 2147483647;
			files = (
			);
			inputPaths = (
				"${SRCROOT}/Pods/Target Support Files/Pods-ZHProject/Pods-ZHProject-frameworks.sh",
				"${BUILT_PRODUCTS_DIR}/MJRefresh/MJRefresh.framework",
			);
			name = "[CP] Embed Pods Frameworks";
			outputPaths = (
				"${TARGET_BUILD_DIR}/${FRAMEWORKS_FOLDER_PATH}/MJRefresh.framework",
			);
			runOnlyForDeploymentPostprocessing = 0;
			shellPath = /bin/sh;
			shellScript = "\"${SRCROOT}/Pods/Target Support Files/Pods-ZHProject/Pods-ZHProject-frameworks.sh\"\n";
			showEnvVarsInLog = 0;
		};
		9B133882E2139520CABCD9B7 /* [CP] Check Pods Manifest.lock */ = {
			isa = PBXShellScriptBuildPhase;
			buildActionMask = 2147483647;
			files = (
			);
			inputPaths = (
				"${PODS_PODFILE_DIR_PATH}/Podfile.lock",
				"${PODS_ROOT}/Manifest.lock",
			);
			name = "[CP] Check Pods Manifest.lock";
			outputPaths = (
				"$(DERIVED_FILE_DIR)/Pods-ZHProject-checkManifestLockResult.txt",
			);
			runOnlyForDeploymentPostprocessing = 0;
			shellPath = /bin/sh;
			shellScript = "diff \"${PODS_PODFILE_DIR_PATH}/Podfile.lock\" \"${PODS_ROOT}/Manifest.lock\" > /dev/null\nif [ $? != 0 ] ; then\n    # print error to STDERR\n    echo \"error: The sandbox is not in sync with the Podfile.lock. Run 'pod install' or update your CocoaPods installation.\" >&2\n    exit 1\nfi\n# This output is used by Xcode 'outputs' to avoid re-running this script phase.\necho \"SUCCESS\" > \"${SCRIPT_OUTPUT_FILE_0}\"\n";
			showEnvVarsInLog = 0;
		};
/* End PBXShellScriptBuildPhase section */

/* Begin PBXSourcesBuildPhase section */
		86E945A9204FDB8D0033BB7E /* Sources */ = {
			isa = PBXSourcesBuildPhase;
			buildActionMask = 2147483647;
			files = (
				F94B89B82114254700A4B63E /* JSONAPI.m in Sources */,
				86E945B5204FDB8D0033BB7E /* ViewController.m in Sources */,
				F93EFDB220F4A2F1004211FC /* XCArrowItem.m in Sources */,
				F94B89BB2114254700A4B63E /* JSONKeyMapper.m in Sources */,
				86E945CA204FDF300033BB7E /* PerformanceMonitor.m in Sources */,
				86E945C0204FDB8D0033BB7E /* main.m in Sources */,
				F93EFDB920F4A55E004211FC /* XCTextField.m in Sources */,
				86E945B2204FDB8D0033BB7E /* AppDelegate.m in Sources */,
				F94B89BA2114254700A4B63E /* JSONModel+networking.m in Sources */,
				F94B89922113F17100A4B63E /* SXScoreModel.m in Sources */,
				F94B89B52114254700A4B63E /* JSONModelClassProperty.m in Sources */,
				F93EFDAE20F4A2F1004211FC /* XCLabelItem.m in Sources */,
				F94B89B72114254700A4B63E /* NSArray+JSONModel.m in Sources */,
				F94B89B62114254700A4B63E /* JSONModelError.m in Sources */,
				F94B88FB210EE8DF00A4B63E /* UINavigationController+AnimateType.m in Sources */,
				F93EFDBC20F4AE80004211FC /* ZHTableViewCell.m in Sources */,
				F93EFD9D20F4A2CC004211FC /* XCBaseSettingController.m in Sources */,
				F94B89B92114254700A4B63E /* JSONHTTPClient.m in Sources */,
				F9388CF02109AD7D00A30D62 /* ZHNavigationController.m in Sources */,
				F93EFDA220F4A2DD004211FC /* XCCommonSettingCell.m in Sources */,
				F94B89952113F1E100A4B63E /* SXAddScoreView.m in Sources */,
				F93EFDB020F4A2F1004211FC /* XCSwitchItem.m in Sources */,
				F93EFDAF20F4A2F1004211FC /* XCCellItem.m in Sources */,
				F93EFDA320F4A2DD004211FC /* XCSettingCellContainerView.m in Sources */,
				F94B89B32114254700A4B63E /* JSONModel.m in Sources */,
				F9388CF32109AD9E00A30D62 /* ZHNavigationBar.m in Sources */,
				F94B89BC2114254700A4B63E /* JSONValueTransformer.m in Sources */,
				F9BC7CCC20DA439C008BE310 /* TestService.m in Sources */,
				F94B89B42114254700A4B63E /* JSONModelArray.m in Sources */,
				F93EFDB120F4A2F1004211FC /* XCCellGroupItem.m in Sources */,
			);
			runOnlyForDeploymentPostprocessing = 0;
		};
/* End PBXSourcesBuildPhase section */

/* Begin PBXVariantGroup section */
		86E945B6204FDB8D0033BB7E /* Main.storyboard */ = {
			isa = PBXVariantGroup;
			children = (
				86E945B7204FDB8D0033BB7E /* Base */,
			);
			name = Main.storyboard;
			sourceTree = "<group>";
		};
		86E945BB204FDB8D0033BB7E /* LaunchScreen.storyboard */ = {
			isa = PBXVariantGroup;
			children = (
				86E945BC204FDB8D0033BB7E /* Base */,
			);
			name = LaunchScreen.storyboard;
			sourceTree = "<group>";
		};
/* End PBXVariantGroup section */

/* Begin XCBuildConfiguration section */
		86E945C1204FDB8D0033BB7E /* Debug */ = {
			isa = XCBuildConfiguration;
			buildSettings = {
				ALWAYS_SEARCH_USER_PATHS = NO;
				CLANG_ANALYZER_NONNULL = YES;
				CLANG_ANALYZER_NUMBER_OBJECT_CONVERSION = YES_AGGRESSIVE;
				CLANG_CXX_LANGUAGE_STANDARD = "gnu++14";
				CLANG_CXX_LIBRARY = "libc++";
				CLANG_ENABLE_MODULES = YES;
				CLANG_ENABLE_OBJC_ARC = YES;
				CLANG_WARN_BLOCK_CAPTURE_AUTORELEASING = YES;
				CLANG_WARN_BOOL_CONVERSION = YES;
				CLANG_WARN_COMMA = YES;
				CLANG_WARN_CONSTANT_CONVERSION = YES;
				CLANG_WARN_DIRECT_OBJC_ISA_USAGE = YES_ERROR;
				CLANG_WARN_DOCUMENTATION_COMMENTS = YES;
				CLANG_WARN_EMPTY_BODY = YES;
				CLANG_WARN_ENUM_CONVERSION = YES;
				CLANG_WARN_INFINITE_RECURSION = YES;
				CLANG_WARN_INT_CONVERSION = YES;
				CLANG_WARN_NON_LITERAL_NULL_CONVERSION = YES;
				CLANG_WARN_OBJC_LITERAL_CONVERSION = YES;
				CLANG_WARN_OBJC_ROOT_CLASS = YES_ERROR;
				CLANG_WARN_RANGE_LOOP_ANALYSIS = YES;
				CLANG_WARN_STRICT_PROTOTYPES = YES;
				CLANG_WARN_SUSPICIOUS_MOVE = YES;
				CLANG_WARN_UNGUARDED_AVAILABILITY = YES_AGGRESSIVE;
				CLANG_WARN_UNREACHABLE_CODE = YES;
				CLANG_WARN__DUPLICATE_METHOD_MATCH = YES;
				CODE_SIGN_IDENTITY = "iPhone Developer";
				COPY_PHASE_STRIP = NO;
				DEBUG_INFORMATION_FORMAT = dwarf;
				ENABLE_BITCODE = NO;
				ENABLE_STRICT_OBJC_MSGSEND = YES;
				ENABLE_TESTABILITY = YES;
				GCC_C_LANGUAGE_STANDARD = gnu11;
				GCC_DYNAMIC_NO_PIC = NO;
				GCC_NO_COMMON_BLOCKS = YES;
				GCC_OPTIMIZATION_LEVEL = 0;
				GCC_PREPROCESSOR_DEFINITIONS = (
					"DEBUG=1",
					"$(inherited)",
				);
				GCC_WARN_64_TO_32_BIT_CONVERSION = YES;
				GCC_WARN_ABOUT_RETURN_TYPE = YES_ERROR;
				GCC_WARN_UNDECLARED_SELECTOR = YES;
				GCC_WARN_UNINITIALIZED_AUTOS = YES_AGGRESSIVE;
				GCC_WARN_UNUSED_FUNCTION = YES;
				GCC_WARN_UNUSED_VARIABLE = YES;
				IPHONEOS_DEPLOYMENT_TARGET = 11.2;
				MTL_ENABLE_DEBUG_INFO = YES;
				ONLY_ACTIVE_ARCH = YES;
				SDKROOT = iphoneos;
			};
			name = Debug;
		};
		86E945C2204FDB8D0033BB7E /* Release */ = {
			isa = XCBuildConfiguration;
			buildSettings = {
				ALWAYS_SEARCH_USER_PATHS = NO;
				CLANG_ANALYZER_NONNULL = YES;
				CLANG_ANALYZER_NUMBER_OBJECT_CONVERSION = YES_AGGRESSIVE;
				CLANG_CXX_LANGUAGE_STANDARD = "gnu++14";
				CLANG_CXX_LIBRARY = "libc++";
				CLANG_ENABLE_MODULES = YES;
				CLANG_ENABLE_OBJC_ARC = YES;
				CLANG_WARN_BLOCK_CAPTURE_AUTORELEASING = YES;
				CLANG_WARN_BOOL_CONVERSION = YES;
				CLANG_WARN_COMMA = YES;
				CLANG_WARN_CONSTANT_CONVERSION = YES;
				CLANG_WARN_DIRECT_OBJC_ISA_USAGE = YES_ERROR;
				CLANG_WARN_DOCUMENTATION_COMMENTS = YES;
				CLANG_WARN_EMPTY_BODY = YES;
				CLANG_WARN_ENUM_CONVERSION = YES;
				CLANG_WARN_INFINITE_RECURSION = YES;
				CLANG_WARN_INT_CONVERSION = YES;
				CLANG_WARN_NON_LITERAL_NULL_CONVERSION = YES;
				CLANG_WARN_OBJC_LITERAL_CONVERSION = YES;
				CLANG_WARN_OBJC_ROOT_CLASS = YES_ERROR;
				CLANG_WARN_RANGE_LOOP_ANALYSIS = YES;
				CLANG_WARN_STRICT_PROTOTYPES = YES;
				CLANG_WARN_SUSPICIOUS_MOVE = YES;
				CLANG_WARN_UNGUARDED_AVAILABILITY = YES_AGGRESSIVE;
				CLANG_WARN_UNREACHABLE_CODE = YES;
				CLANG_WARN__DUPLICATE_METHOD_MATCH = YES;
				CODE_SIGN_IDENTITY = "iPhone Developer";
				COPY_PHASE_STRIP = NO;
				DEBUG_INFORMATION_FORMAT = "dwarf-with-dsym";
				ENABLE_BITCODE = NO;
				ENABLE_NS_ASSERTIONS = NO;
				ENABLE_STRICT_OBJC_MSGSEND = YES;
				GCC_C_LANGUAGE_STANDARD = gnu11;
				GCC_NO_COMMON_BLOCKS = YES;
				GCC_WARN_64_TO_32_BIT_CONVERSION = YES;
				GCC_WARN_ABOUT_RETURN_TYPE = YES_ERROR;
				GCC_WARN_UNDECLARED_SELECTOR = YES;
				GCC_WARN_UNINITIALIZED_AUTOS = YES_AGGRESSIVE;
				GCC_WARN_UNUSED_FUNCTION = YES;
				GCC_WARN_UNUSED_VARIABLE = YES;
				IPHONEOS_DEPLOYMENT_TARGET = 11.2;
				MTL_ENABLE_DEBUG_INFO = NO;
				SDKROOT = iphoneos;
				VALIDATE_PRODUCT = YES;
			};
			name = Release;
		};
		86E945C4204FDB8D0033BB7E /* Debug */ = {
			isa = XCBuildConfiguration;
			baseConfigurationReference = 7FBD28D63E2E57E6132EBE73 /* Pods-ZHProject.debug.xcconfig */;
			buildSettings = {
				ASSETCATALOG_COMPILER_APPICON_NAME = AppIcon;
				CODE_SIGN_IDENTITY = "iPhone Developer";
				CODE_SIGN_STYLE = Automatic;
				DEVELOPMENT_TEAM = W35GD34VEQ;
				ENABLE_BITCODE = NO;
				GCC_PREFIX_HEADER = "$(SRCROOT)/ZHProject/ZHProject_PrefixHeader.h";
				HEADER_SEARCH_PATHS = "";
				INFOPLIST_FILE = ZHProject/Info.plist;
				IPHONEOS_DEPLOYMENT_TARGET = 9.0;
				LD_RUNPATH_SEARCH_PATHS = "$(inherited) @executable_path/Frameworks";
				LIBRARY_SEARCH_PATHS = "";
				OTHER_LDFLAGS = (
					"$(inherited)",
					"-ObjC",
					"-framework",
					"\"MJRefresh\"",
				);
				PRODUCT_BUNDLE_IDENTIFIER = com.autohome.test.test;
				PRODUCT_NAME = "$(TARGET_NAME)";
				PROVISIONING_PROFILE_SPECIFIER = "";
				TARGETED_DEVICE_FAMILY = "1,2";
				USER_HEADER_SEARCH_PATHS = "";
				USE_HEADERMAP = YES;
			};
			name = Debug;
		};
		86E945C5204FDB8D0033BB7E /* Release */ = {
			isa = XCBuildConfiguration;
			baseConfigurationReference = 353F6F2D0F1B07FC6C594E9B /* Pods-ZHProject.release.xcconfig */;
			buildSettings = {
				ASSETCATALOG_COMPILER_APPICON_NAME = AppIcon;
				CODE_SIGN_IDENTITY = "iPhone Developer";
				CODE_SIGN_STYLE = Automatic;
				DEVELOPMENT_TEAM = W35GD34VEQ;
				ENABLE_BITCODE = NO;
				GCC_PREFIX_HEADER = "$(SRCROOT)/ZHProject/ZHProject_PrefixHeader.h";
				HEADER_SEARCH_PATHS = "";
				INFOPLIST_FILE = ZHProject/Info.plist;
				IPHONEOS_DEPLOYMENT_TARGET = 9.0;
				LD_RUNPATH_SEARCH_PATHS = "$(inherited) @executable_path/Frameworks";
				LIBRARY_SEARCH_PATHS = "";
				OTHER_LDFLAGS = (
					"$(inherited)",
					"-ObjC",
					"-framework",
					"\"MJRefresh\"",
				);
				PRODUCT_BUNDLE_IDENTIFIER = com.autohome.test.test;
				PRODUCT_NAME = "$(TARGET_NAME)";
				PROVISIONING_PROFILE_SPECIFIER = "";
				TARGETED_DEVICE_FAMILY = "1,2";
				USER_HEADER_SEARCH_PATHS = "";
				USE_HEADERMAP = YES;
			};
			name = Release;
		};
/* End XCBuildConfiguration section */

/* Begin XCConfigurationList section */
		86E945A8204FDB8D0033BB7E /* Build configuration list for PBXProject "ZHProject" */ = {
			isa = XCConfigurationList;
			buildConfigurations = (
				86E945C1204FDB8D0033BB7E /* Debug */,
				86E945C2204FDB8D0033BB7E /* Release */,
			);
			defaultConfigurationIsVisible = 0;
			defaultConfigurationName = Release;
		};
		86E945C3204FDB8D0033BB7E /* Build configuration list for PBXNativeTarget "ZHProject" */ = {
			isa = XCConfigurationList;
			buildConfigurations = (
				86E945C4204FDB8D0033BB7E /* Debug */,
				86E945C5204FDB8D0033BB7E /* Release */,
			);
			defaultConfigurationIsVisible = 0;
			defaultConfigurationName = Release;
		};
/* End XCConfigurationList section */
	};
	rootObject = 86E945A5204FDB8D0033BB7E /* Project object */;
}
