// !$*UTF8*$!
{
	archiveVersion = 1;
	classes = {
	};
	objectVersion = 48;
	objects = {

/* Begin PBXBuildFile section */
		86E945B2204FDB8D0033BB7E /* AppDelegate.m in Sources */ = {isa = PBXBuildFile; fileRef = 86E945B1204FDB8D0033BB7E /* AppDelegate.m */; };
		86E945B5204FDB8D0033BB7E /* ViewController.m in Sources */ = {isa = PBXBuildFile; fileRef = 86E945B4204FDB8D0033BB7E /* ViewController.m */; };
		86E945B8204FDB8D0033BB7E /* Main.storyboard in Resources */ = {isa = PBXBuildFile; fileRef = 86E945B6204FDB8D0033BB7E /* Main.storyboard */; };
		86E945BA204FDB8D0033BB7E /* Assets.xcassets in Resources */ = {isa = PBXBuildFile; fileRef = 86E945B9204FDB8D0033BB7E /* Assets.xcassets */; };
		86E945BD204FDB8D0033BB7E /* LaunchScreen.storyboard in Resources */ = {isa = PBXBuildFile; fileRef = 86E945BB204FDB8D0033BB7E /* LaunchScreen.storyboard */; };
		86E945C0204FDB8D0033BB7E /* main.m in Sources */ = {isa = PBXBuildFile; fileRef = 86E945BF204FDB8D0033BB7E /* main.m */; };
/* End PBXBuildFile section */

/* Begin PBXFileReference section */
		86E945AD204FDB8D0033BB7E /* ZHProject.app */ = {isa = PBXFileReference; explicitFileType = wrapper.application; includeInIndex = 0; path = ZHProject.app; sourceTree = BUILT_PRODUCTS_DIR; };
		86E945B0204FDB8D0033BB7E /* AppDelegate.h */ = {isa = PBXFileReference; lastKnownFileType = sourcecode.c.h; path = AppDelegate.h; sourceTree = "<group>"; };
		86E945B1204FDB8D0033BB7E /* AppDelegate.m */ = {isa = PBXFileReference; lastKnownFileType = sourcecode.c.objc; path = AppDelegate.m; sourceTree = "<group>"; };
		86E945B3204FDB8D0033BB7E /* ViewController.h */ = {isa = PBXFileReference; lastKnownFileType = sourcecode.c.h; path = ViewController.h; sourceTree = "<group>"; };
		86E945B4204FDB8D0033BB7E /* ViewController.m */ = {isa = PBXFileReference; lastKnownFileType = sourcecode.c.objc; path = ViewController.m; sourceTree = "<group>"; };
		86E945B7204FDB8D0033BB7E /* Base */ = {isa = PBXFileReference; lastKnownFileType = file.storyboard; name = Base; path = Base.lproj/Main.storyboard; sourceTree = "<group>"; };
		86E945B9204FDB8D0033BB7E /* Assets.xcassets */ = {isa = PBXFileReference; lastKnownFileType = folder.assetcatalog; path = Assets.xcassets; sourceTree = "<group>"; };
		86E945BC204FDB8D0033BB7E /* Base */ = {isa = PBXFileReference; lastKnownFileType = file.storyboard; name = Base; path = Base.lproj/LaunchScreen.storyboard; sourceTree = "<group>"; };
		86E945BE204FDB8D0033BB7E /* Info.plist */ = {isa = PBXFileReference; lastKnownFileType = text.plist.xml; path = Info.plist; sourceTree = "<group>"; };
		86E945BF204FDB8D0033BB7E /* main.m */ = {isa = PBXFileReference; lastKnownFileType = sourcecode.c.objc; path = main.m; sourceTree = "<group>"; };
/* End PBXFileReference section */

/* Begin PBXFrameworksBuildPhase section */
		86E945AA204FDB8D0033BB7E /* Frameworks */ = {
			isa = PBXFrameworksBuildPhase;
			buildActionMask = 2147483647;
			files = (
			);
			runOnlyForDeploymentPostprocessing = 0;
		};
/* End PBXFrameworksBuildPhase section */

/* Begin PBXGroup section */
		86E945A4204FDB8D0033BB7E = {
			isa = PBXGroup;
			children = (
				86E945AF204FDB8D0033BB7E /* ZHProject */,
				86E945AE204FDB8D0033BB7E /* Products */,
			);
			sourceTree = "<group>";
		};
		86E945AE204FDB8D0033BB7E /* Products */ = {
			isa = PBXGroup;
			children = (
				86E945AD204FDB8D0033BB7E /* ZHProject.app */,
			);
			name = Products;
			sourceTree = "<group>";
		};
		86E945AF204FDB8D0033BB7E /* ZHProject */ = {
			isa = PBXGroup;
			children = (
				86E945B0204FDB8D0033BB7E /* AppDelegate.h */,
				86E945B1204FDB8D0033BB7E /* AppDelegate.m */,
				86E945B3204FDB8D0033BB7E /* ViewController.h */,
				86E945B4204FDB8D0033BB7E /* ViewController.m */,
				86E945B6204FDB8D0033BB7E /* Main.storyboard */,
				86E945B9204FDB8D0033BB7E /* Assets.xcassets */,
				86E945BB204FDB8D0033BB7E /* LaunchScreen.storyboard */,
				86E945BE204FDB8D0033BB7E /* Info.plist */,
				86E945BF204FDB8D0033BB7E /* main.m */,
			);
			path = ZHProject;
			sourceTree = "<group>";
		};
/* End PBXGroup section */

/* Begin PBXNativeTarget section */
		86E945AC204FDB8D0033BB7E /* ZHProject */ = {
			isa = PBXNativeTarget;
			buildConfigurationList = 86E945C3204FDB8D0033BB7E /* Build configuration list for PBXNativeTarget "ZHProject" */;
			buildPhases = (
				86E945A9204FDB8D0033BB7E /* Sources */,
				86E945AA204FDB8D0033BB7E /* Frameworks */,
				86E945AB204FDB8D0033BB7E /* Resources */,
			);
			buildRules = (
			);
			dependencies = (
			);
			name = ZHProject;
			productName = ZHProject;
			productReference = 86E945AD204FDB8D0033BB7E /* ZHProject.app */;
			productType = "com.apple.product-type.application";
		};
/* End PBXNativeTarget section */

/* Begin PBXProject section */
		86E945A5204FDB8D0033BB7E /* Project object */ = {
			isa = PBXProject;
			attributes = {
				LastUpgradeCheck = 0920;
				ORGANIZATIONNAME = autohome;
				TargetAttributes = {
					86E945AC204FDB8D0033BB7E = {
						CreatedOnToolsVersion = 9.2;
						ProvisioningStyle = Automatic;
					};
				};
			};
			buildConfigurationList = 86E945A8204FDB8D0033BB7E /* Build configuration list for PBXProject "ZHProject" */;
			compatibilityVersion = "Xcode 8.0";
			developmentRegion = en;
			hasScannedForEncodings = 0;
			knownRegions = (
				en,
				Base,
			);
			mainGroup = 86E945A4204FDB8D0033BB7E;
			productRefGroup = 86E945AE204FDB8D0033BB7E /* Products */;
			projectDirPath = "";
			projectRoot = "";
			targets = (
				86E945AC204FDB8D0033BB7E /* ZHProject */,
			);
		};
/* End PBXProject section */

/* Begin PBXResourcesBuildPhase section */
		86E945AB204FDB8D0033BB7E /* Resources */ = {
			isa = PBXResourcesBuildPhase;
			buildActionMask = 2147483647;
			files = (
				86E945BD204FDB8D0033BB7E /* LaunchScreen.storyboard in Resources */,
				86E945BA204FDB8D0033BB7E /* Assets.xcassets in Resources */,
				86E945B8204FDB8D0033BB7E /* Main.storyboard in Resources */,
			);
			runOnlyForDeploymentPostprocessing = 0;
		};
/* End PBXResourcesBuildPhase section */

/* Begin PBXSourcesBuildPhase section */
		86E945A9204FDB8D0033BB7E /* Sources */ = {
			isa = PBXSourcesBuildPhase;
			buildActionMask = 2147483647;
			files = (
				86E945B5204FDB8D0033BB7E /* ViewController.m in Sources */,
				86E945C0204FDB8D0033BB7E /* main.m in Sources */,
				86E945B2204FDB8D0033BB7E /* AppDelegate.m in Sources */,
			);
			runOnlyForDeploymentPostprocessing = 0;
		};
/* End PBXSourcesBuildPhase section */

/* Begin PBXVariantGroup section */
		86E945B6204FDB8D0033BB7E /* Main.storyboard */ = {
			isa = PBXVariantGroup;
			children = (
				86E945B7204FDB8D0033BB7E /* Base */,
			);
			name = Main.storyboard;
			sourceTree = "<group>";
		};
		86E945BB204FDB8D0033BB7E /* LaunchScreen.storyboard */ = {
			isa = PBXVariantGroup;
			children = (
				86E945BC204FDB8D0033BB7E /* Base */,
			);
			name = LaunchScreen.storyboard;
			sourceTree = "<group>";
		};
/* End PBXVariantGroup section */

/* Begin XCBuildConfiguration section */
		86E945C1204FDB8D0033BB7E /* Debug */ = {
			isa = XCBuildConfiguration;
			buildSettings = {
				ALWAYS_SEARCH_USER_PATHS = NO;
				CLANG_ANALYZER_NONNULL = YES;
				CLANG_ANALYZER_NUMBER_OBJECT_CONVERSION = YES_AGGRESSIVE;
				CLANG_CXX_LANGUAGE_STANDARD = "gnu++14";
				CLANG_CXX_LIBRARY = "libc++";
				CLANG_ENABLE_MODULES = YES;
				CLANG_ENABLE_OBJC_ARC = YES;
				CLANG_WARN_BLOCK_CAPTURE_AUTORELEASING = YES;
				CLANG_WARN_BOOL_CONVERSION = YES;
				CLANG_WARN_COMMA = YES;
				CLANG_WARN_CONSTANT_CONVERSION = YES;
				CLANG_WARN_DIRECT_OBJC_ISA_USAGE = YES_ERROR;
				CLANG_WARN_DOCUMENTATION_COMMENTS = YES;
				CLANG_WARN_EMPTY_BODY = YES;
				CLANG_WARN_ENUM_CONVERSION = YES;
				CLANG_WARN_INFINITE_RECURSION = YES;
				CLANG_WARN_INT_CONVERSION = YES;
				CLANG_WARN_NON_LITERAL_NULL_CONVERSION = YES;
				CLANG_WARN_OBJC_LITERAL_CONVERSION = YES;
				CLANG_WARN_OBJC_ROOT_CLASS = YES_ERROR;
				CLANG_WARN_RANGE_LOOP_ANALYSIS = YES;
				CLANG_WARN_STRICT_PROTOTYPES = YES;
				CLANG_WARN_SUSPICIOUS_MOVE = YES;
				CLANG_WARN_UNGUARDED_AVAILABILITY = YES_AGGRESSIVE;
				CLANG_WARN_UNREACHABLE_CODE = YES;
				CLANG_WARN__DUPLICATE_METHOD_MATCH = YES;
				CODE_SIGN_IDENTITY = "iPhone Developer";
				COPY_PHASE_STRIP = NO;
				DEBUG_INFORMATION_FORMAT = dwarf;
				ENABLE_STRICT_OBJC_MSGSEND = YES;
				ENABLE_TESTABILITY = YES;
				GCC_C_LANGUAGE_STANDARD = gnu11;
				GCC_DYNAMIC_NO_PIC = NO;
				GCC_NO_COMMON_BLOCKS = YES;
				GCC_OPTIMIZATION_LEVEL = 0;
				GCC_PREPROCESSOR_DEFINITIONS = (
					"DEBUG=1",
					"$(inherited)",
				);
				GCC_WARN_64_TO_32_BIT_CONVERSION = YES;
				GCC_WARN_ABOUT_RETURN_TYPE = YES_ERROR;
				GCC_WARN_UNDECLARED_SELECTOR = YES;
				GCC_WARN_UNINITIALIZED_AUTOS = YES_AGGRESSIVE;
				GCC_WARN_UNUSED_FUNCTION = YES;
				GCC_WARN_UNUSED_VARIABLE = YES;
				IPHONEOS_DEPLOYMENT_TARGET = 11.2;
				MTL_ENABLE_DEBUG_INFO = YES;
				ONLY_ACTIVE_ARCH = YES;
				SDKROOT = iphoneos;
			};
			name = Debug;
		};
		86E945C2204FDB8D0033BB7E /* Release */ = {
			isa = XCBuildConfiguration;
			buildSettings = {
				ALWAYS_SEARCH_USER_PATHS = NO;
				CLANG_ANALYZER_NONNULL = YES;
				CLANG_ANALYZER_NUMBER_OBJECT_CONVERSION = YES_AGGRESSIVE;
				CLANG_CXX_LANGUAGE_STANDARD = "gnu++14";
				CLANG_CXX_LIBRARY = "libc++";
				CLANG_ENABLE_MODULES = YES;
				CLANG_ENABLE_OBJC_ARC = YES;
				CLANG_WARN_BLOCK_CAPTURE_AUTORELEASING = YES;
				CLANG_WARN_BOOL_CONVERSION = YES;
				CLANG_WARN_COMMA = YES;
				CLANG_WARN_CONSTANT_CONVERSION = YES;
				CLANG_WARN_DIRECT_OBJC_ISA_USAGE = YES_ERROR;
				CLANG_WARN_DOCUMENTATION_COMMENTS = YES;
				CLANG_WARN_EMPTY_BODY = YES;
				CLANG_WARN_ENUM_CONVERSION = YES;
				CLANG_WARN_INFINITE_RECURSION = YES;
				CLANG_WARN_INT_CONVERSION = YES;
				CLANG_WARN_NON_LITERAL_NULL_CONVERSION = YES;
				CLANG_WARN_OBJC_LITERAL_CONVERSION = YES;
				CLANG_WARN_OBJC_ROOT_CLASS = YES_ERROR;
				CLANG_WARN_RANGE_LOOP_ANALYSIS = YES;
				CLANG_WARN_STRICT_PROTOTYPES = YES;
				CLANG_WARN_SUSPICIOUS_MOVE = YES;
				CLANG_WARN_UNGUARDED_AVAILABILITY = YES_AGGRESSIVE;
				CLANG_WARN_UNREACHABLE_CODE = YES;
				CLANG_WARN__DUPLICATE_METHOD_MATCH = YES;
				CODE_SIGN_IDENTITY = "iPhone Developer";
				COPY_PHASE_STRIP = NO;
				DEBUG_INFORMATION_FORMAT = "dwarf-with-dsym";
				ENABLE_NS_ASSERTIONS = NO;
				ENABLE_STRICT_OBJC_MSGSEND = YES;
				GCC_C_LANGUAGE_STANDARD = gnu11;
				GCC_NO_COMMON_BLOCKS = YES;
				GCC_WARN_64_TO_32_BIT_CONVERSION = YES;
				GCC_WARN_ABOUT_RETURN_TYPE = YES_ERROR;
				GCC_WARN_UNDECLARED_SELECTOR = YES;
				GCC_WARN_UNINITIALIZED_AUTOS = YES_AGGRESSIVE;
				GCC_WARN_UNUSED_FUNCTION = YES;
				GCC_WARN_UNUSED_VARIABLE = YES;
				IPHONEOS_DEPLOYMENT_TARGET = 11.2;
				MTL_ENABLE_DEBUG_INFO = NO;
				SDKROOT = iphoneos;
				VALIDATE_PRODUCT = YES;
			};
			name = Release;
		};
		86E945C4204FDB8D0033BB7E /* Debug */ = {
			isa = XCBuildConfiguration;
			buildSettings = {
				ASSETCATALOG_COMPILER_APPICON_NAME = AppIcon;
				CODE_SIGN_STYLE = Automatic;
				DEVELOPMENT_TEAM = W35GD34VEQ;
				INFOPLIST_FILE = ZHProject/Info.plist;
				LD_RUNPATH_SEARCH_PATHS = "$(inherited) @executable_path/Frameworks";
				PRODUCT_BUNDLE_IDENTIFIER = "com.autohome.--PluginName--Framework.ZHProject";
				PRODUCT_NAME = "$(TARGET_NAME)";
				TARGETED_DEVICE_FAMILY = "1,2";
			};
			name = Debug;
		};
		86E945C5204FDB8D0033BB7E /* Release */ = {
			isa = XCBuildConfiguration;
			buildSettings = {
				ASSETCATALOG_COMPILER_APPICON_NAME = AppIcon;
				CODE_SIGN_STYLE = Automatic;
				DEVELOPMENT_TEAM = W35GD34VEQ;
				INFOPLIST_FILE = ZHProject/Info.plist;
				LD_RUNPATH_SEARCH_PATHS = "$(inherited) @executable_path/Frameworks";
				PRODUCT_BUNDLE_IDENTIFIER = "com.autohome.--PluginName--Framework.ZHProject";
				PRODUCT_NAME = "$(TARGET_NAME)";
				TARGETED_DEVICE_FAMILY = "1,2";
			};
			name = Release;
		};
/* End XCBuildConfiguration section */

/* Begin XCConfigurationList section */
		86E945A8204FDB8D0033BB7E /* Build configuration list for PBXProject "ZHProject" */ = {
			isa = XCConfigurationList;
			buildConfigurations = (
				86E945C1204FDB8D0033BB7E /* Debug */,
				86E945C2204FDB8D0033BB7E /* Release */,
			);
			defaultConfigurationIsVisible = 0;
			defaultConfigurationName = Release;
		};
		86E945C3204FDB8D0033BB7E /* Build configuration list for PBXNativeTarget "ZHProject" */ = {
			isa = XCConfigurationList;
			buildConfigurations = (
				86E945C4204FDB8D0033BB7E /* Debug */,
				86E945C5204FDB8D0033BB7E /* Release */,
			);
			defaultConfigurationIsVisible = 0;
			defaultConfigurationName = Release;
		};
/* End XCConfigurationList section */
	};
	rootObject = 86E945A5204FDB8D0033BB7E /* Project object */;
}
