// !$*UTF8*$!
{
	archiveVersion = 1;
	classes = {
	};
	objectVersion = 50;
	objects = {

/* Begin PBXBuildFile section */
		E3C9692CF7464E9B671E3150 /* Pods_ZHNetwork.framework in Frameworks */ = {isa = PBXBuildFile; fileRef = 04C11CADD948769751BBA653 /* Pods_ZHNetwork.framework */; };
		F9463D3C20C01386006DF8E4 /* ZHProxyManager.h in Headers */ = {isa = PBXBuildFile; fileRef = F9463D3120C01386006DF8E4 /* ZHProxyManager.h */; };
		F9463D3D20C01386006DF8E4 /* ZHProxyManager.m in Sources */ = {isa = PBXBuildFile; fileRef = F9463D3220C01386006DF8E4 /* ZHProxyManager.m */; };
		F9463D3E20C01386006DF8E4 /* MD5Tools.h in Headers */ = {isa = PBXBuildFile; fileRef = F9463D3420C01386006DF8E4 /* MD5Tools.h */; };
		F9463D3F20C01386006DF8E4 /* MD5Tools.m in Sources */ = {isa = PBXBuildFile; fileRef = F9463D3520C01386006DF8E4 /* MD5Tools.m */; };
		F9463D4020C01386006DF8E4 /* ZHTamperConfig.h in Headers */ = {isa = PBXBuildFile; fileRef = F9463D3820C01386006DF8E4 /* ZHTamperConfig.h */; settings = {ATTRIBUTES = (Public, ); }; };
		F9463D4120C01386006DF8E4 /* ZHTamperConfig.m in Sources */ = {isa = PBXBuildFile; fileRef = F9463D3920C01386006DF8E4 /* ZHTamperConfig.m */; };
		F9463D4220C01386006DF8E4 /* ZHTamperGuard.h in Headers */ = {isa = PBXBuildFile; fileRef = F9463D3A20C01386006DF8E4 /* ZHTamperGuard.h */; settings = {ATTRIBUTES = (Public, ); }; };
		F9463D4320C01386006DF8E4 /* ZHTamperGuard.m in Sources */ = {isa = PBXBuildFile; fileRef = F9463D3B20C01386006DF8E4 /* ZHTamperGuard.m */; };
		F9463D5820C013A5006DF8E4 /* ZHRequestManager.h in Headers */ = {isa = PBXBuildFile; fileRef = F9463D4520C013A3006DF8E4 /* ZHRequestManager.h */; };
		F9463D5920C013A5006DF8E4 /* ZHChainRequest.m in Sources */ = {isa = PBXBuildFile; fileRef = F9463D4620C013A3006DF8E4 /* ZHChainRequest.m */; };
		F9463D5A20C013A5006DF8E4 /* ZHBatchRequest.h in Headers */ = {isa = PBXBuildFile; fileRef = F9463D4720C013A3006DF8E4 /* ZHBatchRequest.h */; };
		F9463D5B20C013A5006DF8E4 /* ZHChainRequestManager.h in Headers */ = {isa = PBXBuildFile; fileRef = F9463D4820C013A4006DF8E4 /* ZHChainRequestManager.h */; };
		F9463D5C20C013A5006DF8E4 /* ZHNetworkingManager.m in Sources */ = {isa = PBXBuildFile; fileRef = F9463D4920C013A4006DF8E4 /* ZHNetworkingManager.m */; };
		F9463D5D20C013A5006DF8E4 /* ZHBaseServiceDelegate.h in Headers */ = {isa = PBXBuildFile; fileRef = F9463D4A20C013A4006DF8E4 /* ZHBaseServiceDelegate.h */; };
		F9463D5E20C013A5006DF8E4 /* ZHRequestDelegate.h in Headers */ = {isa = PBXBuildFile; fileRef = F9463D4B20C013A4006DF8E4 /* ZHRequestDelegate.h */; };
		F9463D5F20C013A5006DF8E4 /* ZHRequest.h in Headers */ = {isa = PBXBuildFile; fileRef = F9463D4C20C013A4006DF8E4 /* ZHRequest.h */; };
		F9463D6020C013A5006DF8E4 /* ZHBaseService.m in Sources */ = {isa = PBXBuildFile; fileRef = F9463D4D20C013A4006DF8E4 /* ZHBaseService.m */; };
		F9463D6120C013A5006DF8E4 /* ZHBatchRequestManager.m in Sources */ = {isa = PBXBuildFile; fileRef = F9463D4E20C013A4006DF8E4 /* ZHBatchRequestManager.m */; };
		F9463D6220C013A5006DF8E4 /* ZHBatchRequestManager.h in Headers */ = {isa = PBXBuildFile; fileRef = F9463D4F20C013A4006DF8E4 /* ZHBatchRequestManager.h */; };
		F9463D6320C013A5006DF8E4 /* ZHNetworkingManager.h in Headers */ = {isa = PBXBuildFile; fileRef = F9463D5020C013A4006DF8E4 /* ZHNetworkingManager.h */; };
		F9463D6420C013A5006DF8E4 /* ZHRequestManager.m in Sources */ = {isa = PBXBuildFile; fileRef = F9463D5120C013A4006DF8E4 /* ZHRequestManager.m */; };
		F9463D6520C013A5006DF8E4 /* ZHBaseService.h in Headers */ = {isa = PBXBuildFile; fileRef = F9463D5220C013A4006DF8E4 /* ZHBaseService.h */; };
		F9463D6620C013A5006DF8E4 /* ZHChainRequest.h in Headers */ = {isa = PBXBuildFile; fileRef = F9463D5320C013A4006DF8E4 /* ZHChainRequest.h */; };
		F9463D6720C013A5006DF8E4 /* ZHChainRequestManager.m in Sources */ = {isa = PBXBuildFile; fileRef = F9463D5420C013A5006DF8E4 /* ZHChainRequestManager.m */; };
		F9463D6820C013A5006DF8E4 /* ZHNetworkConst.h in Headers */ = {isa = PBXBuildFile; fileRef = F9463D5520C013A5006DF8E4 /* ZHNetworkConst.h */; };
		F9463D6920C013A5006DF8E4 /* ZHRequest.m in Sources */ = {isa = PBXBuildFile; fileRef = F9463D5620C013A5006DF8E4 /* ZHRequest.m */; };
		F9463D6A20C013A5006DF8E4 /* ZHBatchRequest.m in Sources */ = {isa = PBXBuildFile; fileRef = F9463D5720C013A5006DF8E4 /* ZHBatchRequest.m */; };
		F9463D7820C013D2006DF8E4 /* ZHDNSDes.h in Headers */ = {isa = PBXBuildFile; fileRef = F9463D6C20C013D2006DF8E4 /* ZHDNSDes.h */; };
		F9463D7920C013D2006DF8E4 /* ZHDNSDes.m in Sources */ = {isa = PBXBuildFile; fileRef = F9463D6D20C013D2006DF8E4 /* ZHDNSDes.m */; };
		F9463D7A20C013D2006DF8E4 /* ZHDNSHex.h in Headers */ = {isa = PBXBuildFile; fileRef = F9463D6E20C013D2006DF8E4 /* ZHDNSHex.h */; };
		F9463D7B20C013D2006DF8E4 /* ZHDNSHex.m in Sources */ = {isa = PBXBuildFile; fileRef = F9463D6F20C013D2006DF8E4 /* ZHDNSHex.m */; };
		F9463D7C20C013D2006DF8E4 /* ZHDNSHttpManager.h in Headers */ = {isa = PBXBuildFile; fileRef = F9463D7020C013D2006DF8E4 /* ZHDNSHttpManager.h */; };
		F9463D7D20C013D2006DF8E4 /* ZHDNSHttpManager.m in Sources */ = {isa = PBXBuildFile; fileRef = F9463D7120C013D2006DF8E4 /* ZHDNSHttpManager.m */; };
		F9463D7E20C013D2006DF8E4 /* ZHDNSIpService.h in Headers */ = {isa = PBXBuildFile; fileRef = F9463D7220C013D2006DF8E4 /* ZHDNSIpService.h */; };
		F9463D7F20C013D2006DF8E4 /* ZHDNSIpService.m in Sources */ = {isa = PBXBuildFile; fileRef = F9463D7320C013D2006DF8E4 /* ZHDNSIpService.m */; };
		F9463D8020C013D2006DF8E4 /* ZHDNSResolveItem.h in Headers */ = {isa = PBXBuildFile; fileRef = F9463D7420C013D2006DF8E4 /* ZHDNSResolveItem.h */; };
		F9463D8120C013D2006DF8E4 /* ZHDNSResolveItem.m in Sources */ = {isa = PBXBuildFile; fileRef = F9463D7520C013D2006DF8E4 /* ZHDNSResolveItem.m */; };
		F9463D8220C013D2006DF8E4 /* ZHNetworkConfig.h in Headers */ = {isa = PBXBuildFile; fileRef = F9463D7620C013D2006DF8E4 /* ZHNetworkConfig.h */; };
		F9463D8320C013D2006DF8E4 /* ZHNetworkConfig.m in Sources */ = {isa = PBXBuildFile; fileRef = F9463D7720C013D2006DF8E4 /* ZHNetworkConfig.m */; };
		F9C3A0D620BFF348004AE87D /* ZHNetwork.framework in Frameworks */ = {isa = PBXBuildFile; fileRef = F9C3A0CC20BFF347004AE87D /* ZHNetwork.framework */; };
		F9C3A0DB20BFF348004AE87D /* ZHNetworkTests.m in Sources */ = {isa = PBXBuildFile; fileRef = F9C3A0DA20BFF348004AE87D /* ZHNetworkTests.m */; };
		F9C3A0DD20BFF348004AE87D /* ZHNetwork.h in Headers */ = {isa = PBXBuildFile; fileRef = F9C3A0CF20BFF347004AE87D /* ZHNetwork.h */; settings = {ATTRIBUTES = (Public, ); }; };
		F9CB732E20C12C0D00060EF9 /* AFCompatibilityMacros.h in Headers */ = {isa = PBXBuildFile; fileRef = F9CB730920C12C0D00060EF9 /* AFCompatibilityMacros.h */; };
		F9CB732F20C12C0D00060EF9 /* AFHTTPSessionManager.h in Headers */ = {isa = PBXBuildFile; fileRef = F9CB730A20C12C0D00060EF9 /* AFHTTPSessionManager.h */; };
		F9CB733020C12C0D00060EF9 /* AFHTTPSessionManager.m in Sources */ = {isa = PBXBuildFile; fileRef = F9CB730B20C12C0D00060EF9 /* AFHTTPSessionManager.m */; };
		F9CB733120C12C0D00060EF9 /* AFNetworking.h in Headers */ = {isa = PBXBuildFile; fileRef = F9CB730C20C12C0D00060EF9 /* AFNetworking.h */; };
		F9CB733220C12C0D00060EF9 /* AFNetworkReachabilityManager.h in Headers */ = {isa = PBXBuildFile; fileRef = F9CB730D20C12C0D00060EF9 /* AFNetworkReachabilityManager.h */; };
		F9CB733320C12C0D00060EF9 /* AFNetworkReachabilityManager.m in Sources */ = {isa = PBXBuildFile; fileRef = F9CB730E20C12C0D00060EF9 /* AFNetworkReachabilityManager.m */; };
		F9CB733420C12C0D00060EF9 /* AFSecurityPolicy.h in Headers */ = {isa = PBXBuildFile; fileRef = F9CB730F20C12C0D00060EF9 /* AFSecurityPolicy.h */; };
		F9CB733520C12C0D00060EF9 /* AFSecurityPolicy.m in Sources */ = {isa = PBXBuildFile; fileRef = F9CB731020C12C0D00060EF9 /* AFSecurityPolicy.m */; };
		F9CB733620C12C0D00060EF9 /* AFURLRequestSerialization.h in Headers */ = {isa = PBXBuildFile; fileRef = F9CB731120C12C0D00060EF9 /* AFURLRequestSerialization.h */; };
		F9CB733720C12C0D00060EF9 /* AFURLRequestSerialization.m in Sources */ = {isa = PBXBuildFile; fileRef = F9CB731220C12C0D00060EF9 /* AFURLRequestSerialization.m */; };
		F9CB733820C12C0D00060EF9 /* AFURLResponseSerialization.h in Headers */ = {isa = PBXBuildFile; fileRef = F9CB731320C12C0D00060EF9 /* AFURLResponseSerialization.h */; };
		F9CB733920C12C0D00060EF9 /* AFURLResponseSerialization.m in Sources */ = {isa = PBXBuildFile; fileRef = F9CB731420C12C0D00060EF9 /* AFURLResponseSerialization.m */; };
		F9CB733A20C12C0D00060EF9 /* AFURLSessionManager.h in Headers */ = {isa = PBXBuildFile; fileRef = F9CB731520C12C0D00060EF9 /* AFURLSessionManager.h */; };
		F9CB733B20C12C0D00060EF9 /* AFURLSessionManager.m in Sources */ = {isa = PBXBuildFile; fileRef = F9CB731620C12C0D00060EF9 /* AFURLSessionManager.m */; };
		F9CB733C20C12C0D00060EF9 /* LICENSE in Resources */ = {isa = PBXBuildFile; fileRef = F9CB731720C12C0D00060EF9 /* LICENSE */; };
		F9CB733D20C12C0D00060EF9 /* README.md in Resources */ = {isa = PBXBuildFile; fileRef = F9CB731820C12C0D00060EF9 /* README.md */; };
		F9CB733E20C12C0D00060EF9 /* AFAutoPurgingImageCache.h in Headers */ = {isa = PBXBuildFile; fileRef = F9CB731A20C12C0D00060EF9 /* AFAutoPurgingImageCache.h */; };
		F9CB733F20C12C0D00060EF9 /* AFAutoPurgingImageCache.m in Sources */ = {isa = PBXBuildFile; fileRef = F9CB731B20C12C0D00060EF9 /* AFAutoPurgingImageCache.m */; };
		F9CB734020C12C0D00060EF9 /* AFImageDownloader.h in Headers */ = {isa = PBXBuildFile; fileRef = F9CB731C20C12C0D00060EF9 /* AFImageDownloader.h */; };
		F9CB734120C12C0D00060EF9 /* AFImageDownloader.m in Sources */ = {isa = PBXBuildFile; fileRef = F9CB731D20C12C0D00060EF9 /* AFImageDownloader.m */; };
		F9CB734220C12C0D00060EF9 /* AFNetworkActivityIndicatorManager.h in Headers */ = {isa = PBXBuildFile; fileRef = F9CB731E20C12C0D00060EF9 /* AFNetworkActivityIndicatorManager.h */; };
		F9CB734320C12C0D00060EF9 /* AFNetworkActivityIndicatorManager.m in Sources */ = {isa = PBXBuildFile; fileRef = F9CB731F20C12C0D00060EF9 /* AFNetworkActivityIndicatorManager.m */; };
		F9CB734420C12C0D00060EF9 /* UIActivityIndicatorView+AFNetworking.h in Headers */ = {isa = PBXBuildFile; fileRef = F9CB732020C12C0D00060EF9 /* UIActivityIndicatorView+AFNetworking.h */; };
		F9CB734520C12C0D00060EF9 /* UIActivityIndicatorView+AFNetworking.m in Sources */ = {isa = PBXBuildFile; fileRef = F9CB732120C12C0D00060EF9 /* UIActivityIndicatorView+AFNetworking.m */; };
		F9CB734620C12C0D00060EF9 /* UIButton+AFNetworking.h in Headers */ = {isa = PBXBuildFile; fileRef = F9CB732220C12C0D00060EF9 /* UIButton+AFNetworking.h */; };
		F9CB734720C12C0D00060EF9 /* UIButton+AFNetworking.m in Sources */ = {isa = PBXBuildFile; fileRef = F9CB732320C12C0D00060EF9 /* UIButton+AFNetworking.m */; };
		F9CB734820C12C0D00060EF9 /* UIImage+AFNetworking.h in Headers */ = {isa = PBXBuildFile; fileRef = F9CB732420C12C0D00060EF9 /* UIImage+AFNetworking.h */; };
		F9CB734920C12C0D00060EF9 /* UIImageView+AFNetworking.h in Headers */ = {isa = PBXBuildFile; fileRef = F9CB732520C12C0D00060EF9 /* UIImageView+AFNetworking.h */; };
		F9CB734A20C12C0D00060EF9 /* UIImageView+AFNetworking.m in Sources */ = {isa = PBXBuildFile; fileRef = F9CB732620C12C0D00060EF9 /* UIImageView+AFNetworking.m */; };
		F9CB734B20C12C0D00060EF9 /* UIKit+AFNetworking.h in Headers */ = {isa = PBXBuildFile; fileRef = F9CB732720C12C0D00060EF9 /* UIKit+AFNetworking.h */; };
		F9CB734C20C12C0D00060EF9 /* UIProgressView+AFNetworking.h in Headers */ = {isa = PBXBuildFile; fileRef = F9CB732820C12C0D00060EF9 /* UIProgressView+AFNetworking.h */; };
		F9CB734D20C12C0D00060EF9 /* UIProgressView+AFNetworking.m in Sources */ = {isa = PBXBuildFile; fileRef = F9CB732920C12C0D00060EF9 /* UIProgressView+AFNetworking.m */; };
		F9CB734E20C12C0D00060EF9 /* UIRefreshControl+AFNetworking.h in Headers */ = {isa = PBXBuildFile; fileRef = F9CB732A20C12C0D00060EF9 /* UIRefreshControl+AFNetworking.h */; };
		F9CB734F20C12C0D00060EF9 /* UIRefreshControl+AFNetworking.m in Sources */ = {isa = PBXBuildFile; fileRef = F9CB732B20C12C0D00060EF9 /* UIRefreshControl+AFNetworking.m */; };
		F9CB735020C12C0D00060EF9 /* UIWebView+AFNetworking.h in Headers */ = {isa = PBXBuildFile; fileRef = F9CB732C20C12C0D00060EF9 /* UIWebView+AFNetworking.h */; };
		F9CB735120C12C0D00060EF9 /* UIWebView+AFNetworking.m in Sources */ = {isa = PBXBuildFile; fileRef = F9CB732D20C12C0D00060EF9 /* UIWebView+AFNetworking.m */; };
/* End PBXBuildFile section */

/* Begin PBXContainerItemProxy section */
		F9C3A0D720BFF348004AE87D /* PBXContainerItemProxy */ = {
			isa = PBXContainerItemProxy;
			containerPortal = F9C3A0C320BFF347004AE87D /* Project object */;
			proxyType = 1;
			remoteGlobalIDString = F9C3A0CB20BFF347004AE87D;
			remoteInfo = ZHNetwork;
		};
/* End PBXContainerItemProxy section */

/* Begin PBXFileReference section */
		04C11CADD948769751BBA653 /* Pods_ZHNetwork.framework */ = {isa = PBXFileReference; explicitFileType = wrapper.framework; includeInIndex = 0; path = Pods_ZHNetwork.framework; sourceTree = BUILT_PRODUCTS_DIR; };
		16E55C63684E5C99062D7FE5 /* Pods-ZHNetwork.debug.xcconfig */ = {isa = PBXFileReference; includeInIndex = 1; lastKnownFileType = text.xcconfig; name = "Pods-ZHNetwork.debug.xcconfig"; path = "Pods/Target Support Files/Pods-ZHNetwork/Pods-ZHNetwork.debug.xcconfig"; sourceTree = "<group>"; };
		C7A49E15782ECDC605357DDC /* Pods-ZHNetwork.release.xcconfig */ = {isa = PBXFileReference; includeInIndex = 1; lastKnownFileType = text.xcconfig; name = "Pods-ZHNetwork.release.xcconfig"; path = "Pods/Target Support Files/Pods-ZHNetwork/Pods-ZHNetwork.release.xcconfig"; sourceTree = "<group>"; };
		F9463D3120C01386006DF8E4 /* ZHProxyManager.h */ = {isa = PBXFileReference; fileEncoding = 4; lastKnownFileType = sourcecode.c.h; path = ZHProxyManager.h; sourceTree = "<group>"; };
		F9463D3220C01386006DF8E4 /* ZHProxyManager.m */ = {isa = PBXFileReference; fileEncoding = 4; lastKnownFileType = sourcecode.c.objc; path = ZHProxyManager.m; sourceTree = "<group>"; };
		F9463D3420C01386006DF8E4 /* MD5Tools.h */ = {isa = PBXFileReference; fileEncoding = 4; lastKnownFileType = sourcecode.c.h; path = MD5Tools.h; sourceTree = "<group>"; };
		F9463D3520C01386006DF8E4 /* MD5Tools.m */ = {isa = PBXFileReference; fileEncoding = 4; lastKnownFileType = sourcecode.c.objc; path = MD5Tools.m; sourceTree = "<group>"; };
		F9463D3820C01386006DF8E4 /* ZHTamperConfig.h */ = {isa = PBXFileReference; fileEncoding = 4; lastKnownFileType = sourcecode.c.h; path = ZHTamperConfig.h; sourceTree = "<group>"; };
		F9463D3920C01386006DF8E4 /* ZHTamperConfig.m */ = {isa = PBXFileReference; fileEncoding = 4; lastKnownFileType = sourcecode.c.objc; path = ZHTamperConfig.m; sourceTree = "<group>"; };
		F9463D3A20C01386006DF8E4 /* ZHTamperGuard.h */ = {isa = PBXFileReference; fileEncoding = 4; lastKnownFileType = sourcecode.c.h; path = ZHTamperGuard.h; sourceTree = "<group>"; };
		F9463D3B20C01386006DF8E4 /* ZHTamperGuard.m */ = {isa = PBXFileReference; fileEncoding = 4; lastKnownFileType = sourcecode.c.objc; path = ZHTamperGuard.m; sourceTree = "<group>"; };
		F9463D4520C013A3006DF8E4 /* ZHRequestManager.h */ = {isa = PBXFileReference; fileEncoding = 4; lastKnownFileType = sourcecode.c.h; path = ZHRequestManager.h; sourceTree = "<group>"; };
		F9463D4620C013A3006DF8E4 /* ZHChainRequest.m */ = {isa = PBXFileReference; fileEncoding = 4; lastKnownFileType = sourcecode.c.objc; path = ZHChainRequest.m; sourceTree = "<group>"; };
		F9463D4720C013A3006DF8E4 /* ZHBatchRequest.h */ = {isa = PBXFileReference; fileEncoding = 4; lastKnownFileType = sourcecode.c.h; path = ZHBatchRequest.h; sourceTree = "<group>"; };
		F9463D4820C013A4006DF8E4 /* ZHChainRequestManager.h */ = {isa = PBXFileReference; fileEncoding = 4; lastKnownFileType = sourcecode.c.h; path = ZHChainRequestManager.h; sourceTree = "<group>"; };
		F9463D4920C013A4006DF8E4 /* ZHNetworkingManager.m */ = {isa = PBXFileReference; fileEncoding = 4; lastKnownFileType = sourcecode.c.objc; path = ZHNetworkingManager.m; sourceTree = "<group>"; };
		F9463D4A20C013A4006DF8E4 /* ZHBaseServiceDelegate.h */ = {isa = PBXFileReference; fileEncoding = 4; lastKnownFileType = sourcecode.c.h; path = ZHBaseServiceDelegate.h; sourceTree = "<group>"; };
		F9463D4B20C013A4006DF8E4 /* ZHRequestDelegate.h */ = {isa = PBXFileReference; fileEncoding = 4; lastKnownFileType = sourcecode.c.h; path = ZHRequestDelegate.h; sourceTree = "<group>"; };
		F9463D4C20C013A4006DF8E4 /* ZHRequest.h */ = {isa = PBXFileReference; fileEncoding = 4; lastKnownFileType = sourcecode.c.h; path = ZHRequest.h; sourceTree = "<group>"; };
		F9463D4D20C013A4006DF8E4 /* ZHBaseService.m */ = {isa = PBXFileReference; fileEncoding = 4; lastKnownFileType = sourcecode.c.objc; path = ZHBaseService.m; sourceTree = "<group>"; };
		F9463D4E20C013A4006DF8E4 /* ZHBatchRequestManager.m */ = {isa = PBXFileReference; fileEncoding = 4; lastKnownFileType = sourcecode.c.objc; path = ZHBatchRequestManager.m; sourceTree = "<group>"; };
		F9463D4F20C013A4006DF8E4 /* ZHBatchRequestManager.h */ = {isa = PBXFileReference; fileEncoding = 4; lastKnownFileType = sourcecode.c.h; path = ZHBatchRequestManager.h; sourceTree = "<group>"; };
		F9463D5020C013A4006DF8E4 /* ZHNetworkingManager.h */ = {isa = PBXFileReference; fileEncoding = 4; lastKnownFileType = sourcecode.c.h; path = ZHNetworkingManager.h; sourceTree = "<group>"; };
		F9463D5120C013A4006DF8E4 /* ZHRequestManager.m */ = {isa = PBXFileReference; fileEncoding = 4; lastKnownFileType = sourcecode.c.objc; path = ZHRequestManager.m; sourceTree = "<group>"; };
		F9463D5220C013A4006DF8E4 /* ZHBaseService.h */ = {isa = PBXFileReference; fileEncoding = 4; lastKnownFileType = sourcecode.c.h; path = ZHBaseService.h; sourceTree = "<group>"; };
		F9463D5320C013A4006DF8E4 /* ZHChainRequest.h */ = {isa = PBXFileReference; fileEncoding = 4; lastKnownFileType = sourcecode.c.h; path = ZHChainRequest.h; sourceTree = "<group>"; };
		F9463D5420C013A5006DF8E4 /* ZHChainRequestManager.m */ = {isa = PBXFileReference; fileEncoding = 4; lastKnownFileType = sourcecode.c.objc; path = ZHChainRequestManager.m; sourceTree = "<group>"; };
		F9463D5520C013A5006DF8E4 /* ZHNetworkConst.h */ = {isa = PBXFileReference; fileEncoding = 4; lastKnownFileType = sourcecode.c.h; path = ZHNetworkConst.h; sourceTree = "<group>"; };
		F9463D5620C013A5006DF8E4 /* ZHRequest.m */ = {isa = PBXFileReference; fileEncoding = 4; lastKnownFileType = sourcecode.c.objc; path = ZHRequest.m; sourceTree = "<group>"; };
		F9463D5720C013A5006DF8E4 /* ZHBatchRequest.m */ = {isa = PBXFileReference; fileEncoding = 4; lastKnownFileType = sourcecode.c.objc; path = ZHBatchRequest.m; sourceTree = "<group>"; };
		F9463D6C20C013D2006DF8E4 /* ZHDNSDes.h */ = {isa = PBXFileReference; fileEncoding = 4; lastKnownFileType = sourcecode.c.h; path = ZHDNSDes.h; sourceTree = "<group>"; };
		F9463D6D20C013D2006DF8E4 /* ZHDNSDes.m */ = {isa = PBXFileReference; fileEncoding = 4; lastKnownFileType = sourcecode.c.objc; path = ZHDNSDes.m; sourceTree = "<group>"; };
		F9463D6E20C013D2006DF8E4 /* ZHDNSHex.h */ = {isa = PBXFileReference; fileEncoding = 4; lastKnownFileType = sourcecode.c.h; path = ZHDNSHex.h; sourceTree = "<group>"; };
		F9463D6F20C013D2006DF8E4 /* ZHDNSHex.m */ = {isa = PBXFileReference; fileEncoding = 4; lastKnownFileType = sourcecode.c.objc; path = ZHDNSHex.m; sourceTree = "<group>"; };
		F9463D7020C013D2006DF8E4 /* ZHDNSHttpManager.h */ = {isa = PBXFileReference; fileEncoding = 4; lastKnownFileType = sourcecode.c.h; path = ZHDNSHttpManager.h; sourceTree = "<group>"; };
		F9463D7120C013D2006DF8E4 /* ZHDNSHttpManager.m */ = {isa = PBXFileReference; fileEncoding = 4; lastKnownFileType = sourcecode.c.objc; path = ZHDNSHttpManager.m; sourceTree = "<group>"; };
		F9463D7220C013D2006DF8E4 /* ZHDNSIpService.h */ = {isa = PBXFileReference; fileEncoding = 4; lastKnownFileType = sourcecode.c.h; path = ZHDNSIpService.h; sourceTree = "<group>"; };
		F9463D7320C013D2006DF8E4 /* ZHDNSIpService.m */ = {isa = PBXFileReference; fileEncoding = 4; lastKnownFileType = sourcecode.c.objc; path = ZHDNSIpService.m; sourceTree = "<group>"; };
		F9463D7420C013D2006DF8E4 /* ZHDNSResolveItem.h */ = {isa = PBXFileReference; fileEncoding = 4; lastKnownFileType = sourcecode.c.h; path = ZHDNSResolveItem.h; sourceTree = "<group>"; };
		F9463D7520C013D2006DF8E4 /* ZHDNSResolveItem.m */ = {isa = PBXFileReference; fileEncoding = 4; lastKnownFileType = sourcecode.c.objc; path = ZHDNSResolveItem.m; sourceTree = "<group>"; };
		F9463D7620C013D2006DF8E4 /* ZHNetworkConfig.h */ = {isa = PBXFileReference; fileEncoding = 4; lastKnownFileType = sourcecode.c.h; path = ZHNetworkConfig.h; sourceTree = "<group>"; };
		F9463D7720C013D2006DF8E4 /* ZHNetworkConfig.m */ = {isa = PBXFileReference; fileEncoding = 4; lastKnownFileType = sourcecode.c.objc; path = ZHNetworkConfig.m; sourceTree = "<group>"; };
		F9C3A0CC20BFF347004AE87D /* ZHNetwork.framework */ = {isa = PBXFileReference; explicitFileType = wrapper.framework; includeInIndex = 0; path = ZHNetwork.framework; sourceTree = BUILT_PRODUCTS_DIR; };
		F9C3A0CF20BFF347004AE87D /* ZHNetwork.h */ = {isa = PBXFileReference; lastKnownFileType = sourcecode.c.h; path = ZHNetwork.h; sourceTree = "<group>"; };
		F9C3A0D020BFF347004AE87D /* Info.plist */ = {isa = PBXFileReference; lastKnownFileType = text.plist.xml; path = Info.plist; sourceTree = "<group>"; };
		F9C3A0D520BFF348004AE87D /* ZHNetworkTests.xctest */ = {isa = PBXFileReference; explicitFileType = wrapper.cfbundle; includeInIndex = 0; path = ZHNetworkTests.xctest; sourceTree = BUILT_PRODUCTS_DIR; };
		F9C3A0DA20BFF348004AE87D /* ZHNetworkTests.m */ = {isa = PBXFileReference; lastKnownFileType = sourcecode.c.objc; path = ZHNetworkTests.m; sourceTree = "<group>"; };
		F9C3A0DC20BFF348004AE87D /* Info.plist */ = {isa = PBXFileReference; lastKnownFileType = text.plist.xml; path = Info.plist; sourceTree = "<group>"; };
		F9CB730920C12C0D00060EF9 /* AFCompatibilityMacros.h */ = {isa = PBXFileReference; fileEncoding = 4; lastKnownFileType = sourcecode.c.h; path = AFCompatibilityMacros.h; sourceTree = "<group>"; };
		F9CB730A20C12C0D00060EF9 /* AFHTTPSessionManager.h */ = {isa = PBXFileReference; fileEncoding = 4; lastKnownFileType = sourcecode.c.h; path = AFHTTPSessionManager.h; sourceTree = "<group>"; };
		F9CB730B20C12C0D00060EF9 /* AFHTTPSessionManager.m */ = {isa = PBXFileReference; fileEncoding = 4; lastKnownFileType = sourcecode.c.objc; path = AFHTTPSessionManager.m; sourceTree = "<group>"; };
		F9CB730C20C12C0D00060EF9 /* AFNetworking.h */ = {isa = PBXFileReference; fileEncoding = 4; lastKnownFileType = sourcecode.c.h; path = AFNetworking.h; sourceTree = "<group>"; };
		F9CB730D20C12C0D00060EF9 /* AFNetworkReachabilityManager.h */ = {isa = PBXFileReference; fileEncoding = 4; lastKnownFileType = sourcecode.c.h; path = AFNetworkReachabilityManager.h; sourceTree = "<group>"; };
		F9CB730E20C12C0D00060EF9 /* AFNetworkReachabilityManager.m */ = {isa = PBXFileReference; fileEncoding = 4; lastKnownFileType = sourcecode.c.objc; path = AFNetworkReachabilityManager.m; sourceTree = "<group>"; };
		F9CB730F20C12C0D00060EF9 /* AFSecurityPolicy.h */ = {isa = PBXFileReference; fileEncoding = 4; lastKnownFileType = sourcecode.c.h; path = AFSecurityPolicy.h; sourceTree = "<group>"; };
		F9CB731020C12C0D00060EF9 /* AFSecurityPolicy.m */ = {isa = PBXFileReference; fileEncoding = 4; lastKnownFileType = sourcecode.c.objc; path = AFSecurityPolicy.m; sourceTree = "<group>"; };
		F9CB731120C12C0D00060EF9 /* AFURLRequestSerialization.h */ = {isa = PBXFileReference; fileEncoding = 4; lastKnownFileType = sourcecode.c.h; path = AFURLRequestSerialization.h; sourceTree = "<group>"; };
		F9CB731220C12C0D00060EF9 /* AFURLRequestSerialization.m */ = {isa = PBXFileReference; fileEncoding = 4; lastKnownFileType = sourcecode.c.objc; path = AFURLRequestSerialization.m; sourceTree = "<group>"; };
		F9CB731320C12C0D00060EF9 /* AFURLResponseSerialization.h */ = {isa = PBXFileReference; fileEncoding = 4; lastKnownFileType = sourcecode.c.h; path = AFURLResponseSerialization.h; sourceTree = "<group>"; };
		F9CB731420C12C0D00060EF9 /* AFURLResponseSerialization.m */ = {isa = PBXFileReference; fileEncoding = 4; lastKnownFileType = sourcecode.c.objc; path = AFURLResponseSerialization.m; sourceTree = "<group>"; };
		F9CB731520C12C0D00060EF9 /* AFURLSessionManager.h */ = {isa = PBXFileReference; fileEncoding = 4; lastKnownFileType = sourcecode.c.h; path = AFURLSessionManager.h; sourceTree = "<group>"; };
		F9CB731620C12C0D00060EF9 /* AFURLSessionManager.m */ = {isa = PBXFileReference; fileEncoding = 4; lastKnownFileType = sourcecode.c.objc; path = AFURLSessionManager.m; sourceTree = "<group>"; };
		F9CB731720C12C0D00060EF9 /* LICENSE */ = {isa = PBXFileReference; fileEncoding = 4; lastKnownFileType = text; path = LICENSE; sourceTree = "<group>"; };
		F9CB731820C12C0D00060EF9 /* README.md */ = {isa = PBXFileReference; fileEncoding = 4; lastKnownFileType = net.daringfireball.markdown; path = README.md; sourceTree = "<group>"; };
		F9CB731A20C12C0D00060EF9 /* AFAutoPurgingImageCache.h */ = {isa = PBXFileReference; fileEncoding = 4; lastKnownFileType = sourcecode.c.h; path = AFAutoPurgingImageCache.h; sourceTree = "<group>"; };
		F9CB731B20C12C0D00060EF9 /* AFAutoPurgingImageCache.m */ = {isa = PBXFileReference; fileEncoding = 4; lastKnownFileType = sourcecode.c.objc; path = AFAutoPurgingImageCache.m; sourceTree = "<group>"; };
		F9CB731C20C12C0D00060EF9 /* AFImageDownloader.h */ = {isa = PBXFileReference; fileEncoding = 4; lastKnownFileType = sourcecode.c.h; path = AFImageDownloader.h; sourceTree = "<group>"; };
		F9CB731D20C12C0D00060EF9 /* AFImageDownloader.m */ = {isa = PBXFileReference; fileEncoding = 4; lastKnownFileType = sourcecode.c.objc; path = AFImageDownloader.m; sourceTree = "<group>"; };
		F9CB731E20C12C0D00060EF9 /* AFNetworkActivityIndicatorManager.h */ = {isa = PBXFileReference; fileEncoding = 4; lastKnownFileType = sourcecode.c.h; path = AFNetworkActivityIndicatorManager.h; sourceTree = "<group>"; };
		F9CB731F20C12C0D00060EF9 /* AFNetworkActivityIndicatorManager.m */ = {isa = PBXFileReference; fileEncoding = 4; lastKnownFileType = sourcecode.c.objc; path = AFNetworkActivityIndicatorManager.m; sourceTree = "<group>"; };
		F9CB732020C12C0D00060EF9 /* UIActivityIndicatorView+AFNetworking.h */ = {isa = PBXFileReference; fileEncoding = 4; lastKnownFileType = sourcecode.c.h; path = "UIActivityIndicatorView+AFNetworking.h"; sourceTree = "<group>"; };
		F9CB732120C12C0D00060EF9 /* UIActivityIndicatorView+AFNetworking.m */ = {isa = PBXFileReference; fileEncoding = 4; lastKnownFileType = sourcecode.c.objc; path = "UIActivityIndicatorView+AFNetworking.m"; sourceTree = "<group>"; };
		F9CB732220C12C0D00060EF9 /* UIButton+AFNetworking.h */ = {isa = PBXFileReference; fileEncoding = 4; lastKnownFileType = sourcecode.c.h; path = "UIButton+AFNetworking.h"; sourceTree = "<group>"; };
		F9CB732320C12C0D00060EF9 /* UIButton+AFNetworking.m */ = {isa = PBXFileReference; fileEncoding = 4; lastKnownFileType = sourcecode.c.objc; path = "UIButton+AFNetworking.m"; sourceTree = "<group>"; };
		F9CB732420C12C0D00060EF9 /* UIImage+AFNetworking.h */ = {isa = PBXFileReference; fileEncoding = 4; lastKnownFileType = sourcecode.c.h; path = "UIImage+AFNetworking.h"; sourceTree = "<group>"; };
		F9CB732520C12C0D00060EF9 /* UIImageView+AFNetworking.h */ = {isa = PBXFileReference; fileEncoding = 4; lastKnownFileType = sourcecode.c.h; path = "UIImageView+AFNetworking.h"; sourceTree = "<group>"; };
		F9CB732620C12C0D00060EF9 /* UIImageView+AFNetworking.m */ = {isa = PBXFileReference; fileEncoding = 4; lastKnownFileType = sourcecode.c.objc; path = "UIImageView+AFNetworking.m"; sourceTree = "<group>"; };
		F9CB732720C12C0D00060EF9 /* UIKit+AFNetworking.h */ = {isa = PBXFileReference; fileEncoding = 4; lastKnownFileType = sourcecode.c.h; path = "UIKit+AFNetworking.h"; sourceTree = "<group>"; };
		F9CB732820C12C0D00060EF9 /* UIProgressView+AFNetworking.h */ = {isa = PBXFileReference; fileEncoding = 4; lastKnownFileType = sourcecode.c.h; path = "UIProgressView+AFNetworking.h"; sourceTree = "<group>"; };
		F9CB732920C12C0D00060EF9 /* UIProgressView+AFNetworking.m */ = {isa = PBXFileReference; fileEncoding = 4; lastKnownFileType = sourcecode.c.objc; path = "UIProgressView+AFNetworking.m"; sourceTree = "<group>"; };
		F9CB732A20C12C0D00060EF9 /* UIRefreshControl+AFNetworking.h */ = {isa = PBXFileReference; fileEncoding = 4; lastKnownFileType = sourcecode.c.h; path = "UIRefreshControl+AFNetworking.h"; sourceTree = "<group>"; };
		F9CB732B20C12C0D00060EF9 /* UIRefreshControl+AFNetworking.m */ = {isa = PBXFileReference; fileEncoding = 4; lastKnownFileType = sourcecode.c.objc; path = "UIRefreshControl+AFNetworking.m"; sourceTree = "<group>"; };
		F9CB732C20C12C0D00060EF9 /* UIWebView+AFNetworking.h */ = {isa = PBXFileReference; fileEncoding = 4; lastKnownFileType = sourcecode.c.h; path = "UIWebView+AFNetworking.h"; sourceTree = "<group>"; };
		F9CB732D20C12C0D00060EF9 /* UIWebView+AFNetworking.m */ = {isa = PBXFileReference; fileEncoding = 4; lastKnownFileType = sourcecode.c.objc; path = "UIWebView+AFNetworking.m"; sourceTree = "<group>"; };
/* End PBXFileReference section */

/* Begin PBXFrameworksBuildPhase section */
		F9C3A0C820BFF347004AE87D /* Frameworks */ = {
			isa = PBXFrameworksBuildPhase;
			buildActionMask = 2147483647;
			files = (
				E3C9692CF7464E9B671E3150 /* Pods_ZHNetwork.framework in Frameworks */,
			);
			runOnlyForDeploymentPostprocessing = 0;
		};
		F9C3A0D220BFF348004AE87D /* Frameworks */ = {
			isa = PBXFrameworksBuildPhase;
			buildActionMask = 2147483647;
			files = (
				F9C3A0D620BFF348004AE87D /* ZHNetwork.framework in Frameworks */,
			);
			runOnlyForDeploymentPostprocessing = 0;
		};
/* End PBXFrameworksBuildPhase section */

/* Begin PBXGroup section */
		4621D915776E468B69F1E72A /* Frameworks */ = {
			isa = PBXGroup;
			children = (
				04C11CADD948769751BBA653 /* Pods_ZHNetwork.framework */,
			);
			name = Frameworks;
			sourceTree = "<group>";
		};
		BB75F3ED9342C569BEA87037 /* Pods */ = {
			isa = PBXGroup;
			children = (
				16E55C63684E5C99062D7FE5 /* Pods-ZHNetwork.debug.xcconfig */,
				C7A49E15782ECDC605357DDC /* Pods-ZHNetwork.release.xcconfig */,
			);
			name = Pods;
			sourceTree = "<group>";
		};
		F9463D3020C01386006DF8E4 /* Proxy */ = {
			isa = PBXGroup;
			children = (
				F9463D3120C01386006DF8E4 /* ZHProxyManager.h */,
				F9463D3220C01386006DF8E4 /* ZHProxyManager.m */,
			);
			path = Proxy;
			sourceTree = "<group>";
		};
		F9463D3320C01386006DF8E4 /* Tools */ = {
			isa = PBXGroup;
			children = (
				F9463D3420C01386006DF8E4 /* MD5Tools.h */,
				F9463D3520C01386006DF8E4 /* MD5Tools.m */,
			);
			path = Tools;
			sourceTree = "<group>";
		};
		F9463D3620C01386006DF8E4 /* Tamper */ = {
			isa = PBXGroup;
			children = (
				F9463D3720C01386006DF8E4 /* Tamper */,
			);
			path = Tamper;
			sourceTree = "<group>";
		};
		F9463D3720C01386006DF8E4 /* Tamper */ = {
			isa = PBXGroup;
			children = (
				F9463D3820C01386006DF8E4 /* ZHTamperConfig.h */,
				F9463D3920C01386006DF8E4 /* ZHTamperConfig.m */,
				F9463D3A20C01386006DF8E4 /* ZHTamperGuard.h */,
				F9463D3B20C01386006DF8E4 /* ZHTamperGuard.m */,
			);
			path = Tamper;
			sourceTree = "<group>";
		};
		F9463D4420C0138B006DF8E4 /* Network */ = {
			isa = PBXGroup;
			children = (
				F9463D5220C013A4006DF8E4 /* ZHBaseService.h */,
				F9463D4D20C013A4006DF8E4 /* ZHBaseService.m */,
				F9463D4A20C013A4006DF8E4 /* ZHBaseServiceDelegate.h */,
				F9463D4720C013A3006DF8E4 /* ZHBatchRequest.h */,
				F9463D5720C013A5006DF8E4 /* ZHBatchRequest.m */,
				F9463D4F20C013A4006DF8E4 /* ZHBatchRequestManager.h */,
				F9463D4E20C013A4006DF8E4 /* ZHBatchRequestManager.m */,
				F9463D5320C013A4006DF8E4 /* ZHChainRequest.h */,
				F9463D4620C013A3006DF8E4 /* ZHChainRequest.m */,
				F9463D4820C013A4006DF8E4 /* ZHChainRequestManager.h */,
				F9463D5420C013A5006DF8E4 /* ZHChainRequestManager.m */,
				F9463D5520C013A5006DF8E4 /* ZHNetworkConst.h */,
				F9463D5020C013A4006DF8E4 /* ZHNetworkingManager.h */,
				F9463D4920C013A4006DF8E4 /* ZHNetworkingManager.m */,
				F9463D4C20C013A4006DF8E4 /* ZHRequest.h */,
				F9463D5620C013A5006DF8E4 /* ZHRequest.m */,
				F9463D4B20C013A4006DF8E4 /* ZHRequestDelegate.h */,
				F9463D4520C013A3006DF8E4 /* ZHRequestManager.h */,
				F9463D5120C013A4006DF8E4 /* ZHRequestManager.m */,
			);
			path = Network;
			sourceTree = "<group>";
		};
		F9463D6B20C013D2006DF8E4 /* DNSPod */ = {
			isa = PBXGroup;
			children = (
				F9463D6C20C013D2006DF8E4 /* ZHDNSDes.h */,
				F9463D6D20C013D2006DF8E4 /* ZHDNSDes.m */,
				F9463D6E20C013D2006DF8E4 /* ZHDNSHex.h */,
				F9463D6F20C013D2006DF8E4 /* ZHDNSHex.m */,
				F9463D7020C013D2006DF8E4 /* ZHDNSHttpManager.h */,
				F9463D7120C013D2006DF8E4 /* ZHDNSHttpManager.m */,
				F9463D7220C013D2006DF8E4 /* ZHDNSIpService.h */,
				F9463D7320C013D2006DF8E4 /* ZHDNSIpService.m */,
				F9463D7420C013D2006DF8E4 /* ZHDNSResolveItem.h */,
				F9463D7520C013D2006DF8E4 /* ZHDNSResolveItem.m */,
				F9463D7620C013D2006DF8E4 /* ZHNetworkConfig.h */,
				F9463D7720C013D2006DF8E4 /* ZHNetworkConfig.m */,
			);
			path = DNSPod;
			sourceTree = "<group>";
		};
		F9C3A0C220BFF347004AE87D = {
			isa = PBXGroup;
			children = (
				F9C3A0CE20BFF347004AE87D /* ZHNetwork */,
				F9C3A0D920BFF348004AE87D /* ZHNetworkTests */,
				F9C3A0CD20BFF347004AE87D /* Products */,
				BB75F3ED9342C569BEA87037 /* Pods */,
				4621D915776E468B69F1E72A /* Frameworks */,
			);
			sourceTree = "<group>";
		};
		F9C3A0CD20BFF347004AE87D /* Products */ = {
			isa = PBXGroup;
			children = (
				F9C3A0CC20BFF347004AE87D /* ZHNetwork.framework */,
				F9C3A0D520BFF348004AE87D /* ZHNetworkTests.xctest */,
			);
			name = Products;
			sourceTree = "<group>";
		};
		F9C3A0CE20BFF347004AE87D /* ZHNetwork */ = {
			isa = PBXGroup;
			children = (
				F9CB730720C12C0D00060EF9 /* AFNetworking */,
				F9463D6B20C013D2006DF8E4 /* DNSPod */,
				F9463D4420C0138B006DF8E4 /* Network */,
				F9463D3020C01386006DF8E4 /* Proxy */,
				F9463D3620C01386006DF8E4 /* Tamper */,
				F9463D3320C01386006DF8E4 /* Tools */,
				F9C3A0CF20BFF347004AE87D /* ZHNetwork.h */,
				F9C3A0D020BFF347004AE87D /* Info.plist */,
			);
			path = ZHNetwork;
			sourceTree = "<group>";
		};
		F9C3A0D920BFF348004AE87D /* ZHNetworkTests */ = {
			isa = PBXGroup;
			children = (
				F9C3A0DA20BFF348004AE87D /* ZHNetworkTests.m */,
				F9C3A0DC20BFF348004AE87D /* Info.plist */,
			);
			path = ZHNetworkTests;
			sourceTree = "<group>";
		};
		F9CB730720C12C0D00060EF9 /* AFNetworking */ = {
			isa = PBXGroup;
			children = (
				F9CB730820C12C0D00060EF9 /* AFNetworking */,
				F9CB731720C12C0D00060EF9 /* LICENSE */,
				F9CB731820C12C0D00060EF9 /* README.md */,
				F9CB731920C12C0D00060EF9 /* UIKit+AFNetworking */,
			);
			path = AFNetworking;
			sourceTree = "<group>";
		};
		F9CB730820C12C0D00060EF9 /* AFNetworking */ = {
			isa = PBXGroup;
			children = (
				F9CB730920C12C0D00060EF9 /* AFCompatibilityMacros.h */,
				F9CB730A20C12C0D00060EF9 /* AFHTTPSessionManager.h */,
				F9CB730B20C12C0D00060EF9 /* AFHTTPSessionManager.m */,
				F9CB730C20C12C0D00060EF9 /* AFNetworking.h */,
				F9CB730D20C12C0D00060EF9 /* AFNetworkReachabilityManager.h */,
				F9CB730E20C12C0D00060EF9 /* AFNetworkReachabilityManager.m */,
				F9CB730F20C12C0D00060EF9 /* AFSecurityPolicy.h */,
				F9CB731020C12C0D00060EF9 /* AFSecurityPolicy.m */,
				F9CB731120C12C0D00060EF9 /* AFURLRequestSerialization.h */,
				F9CB731220C12C0D00060EF9 /* AFURLRequestSerialization.m */,
				F9CB731320C12C0D00060EF9 /* AFURLResponseSerialization.h */,
				F9CB731420C12C0D00060EF9 /* AFURLResponseSerialization.m */,
				F9CB731520C12C0D00060EF9 /* AFURLSessionManager.h */,
				F9CB731620C12C0D00060EF9 /* AFURLSessionManager.m */,
			);
			path = AFNetworking;
			sourceTree = "<group>";
		};
		F9CB731920C12C0D00060EF9 /* UIKit+AFNetworking */ = {
			isa = PBXGroup;
			children = (
				F9CB731A20C12C0D00060EF9 /* AFAutoPurgingImageCache.h */,
				F9CB731B20C12C0D00060EF9 /* AFAutoPurgingImageCache.m */,
				F9CB731C20C12C0D00060EF9 /* AFImageDownloader.h */,
				F9CB731D20C12C0D00060EF9 /* AFImageDownloader.m */,
				F9CB731E20C12C0D00060EF9 /* AFNetworkActivityIndicatorManager.h */,
				F9CB731F20C12C0D00060EF9 /* AFNetworkActivityIndicatorManager.m */,
				F9CB732020C12C0D00060EF9 /* UIActivityIndicatorView+AFNetworking.h */,
				F9CB732120C12C0D00060EF9 /* UIActivityIndicatorView+AFNetworking.m */,
				F9CB732220C12C0D00060EF9 /* UIButton+AFNetworking.h */,
				F9CB732320C12C0D00060EF9 /* UIButton+AFNetworking.m */,
				F9CB732420C12C0D00060EF9 /* UIImage+AFNetworking.h */,
				F9CB732520C12C0D00060EF9 /* UIImageView+AFNetworking.h */,
				F9CB732620C12C0D00060EF9 /* UIImageView+AFNetworking.m */,
				F9CB732720C12C0D00060EF9 /* UIKit+AFNetworking.h */,
				F9CB732820C12C0D00060EF9 /* UIProgressView+AFNetworking.h */,
				F9CB732920C12C0D00060EF9 /* UIProgressView+AFNetworking.m */,
				F9CB732A20C12C0D00060EF9 /* UIRefreshControl+AFNetworking.h */,
				F9CB732B20C12C0D00060EF9 /* UIRefreshControl+AFNetworking.m */,
				F9CB732C20C12C0D00060EF9 /* UIWebView+AFNetworking.h */,
				F9CB732D20C12C0D00060EF9 /* UIWebView+AFNetworking.m */,
			);
			path = "UIKit+AFNetworking";
			sourceTree = "<group>";
		};
/* End PBXGroup section */

/* Begin PBXHeadersBuildPhase section */
		F9C3A0C920BFF347004AE87D /* Headers */ = {
			isa = PBXHeadersBuildPhase;
			buildActionMask = 2147483647;
			files = (
				F9CB733A20C12C0D00060EF9 /* AFURLSessionManager.h in Headers */,
				F9CB733420C12C0D00060EF9 /* AFSecurityPolicy.h in Headers */,
				F9CB734020C12C0D00060EF9 /* AFImageDownloader.h in Headers */,
				F9463D5A20C013A5006DF8E4 /* ZHBatchRequest.h in Headers */,
				F9CB733620C12C0D00060EF9 /* AFURLRequestSerialization.h in Headers */,
				F9CB733220C12C0D00060EF9 /* AFNetworkReachabilityManager.h in Headers */,
				F9463D8020C013D2006DF8E4 /* ZHDNSResolveItem.h in Headers */,
				F9CB732F20C12C0D00060EF9 /* AFHTTPSessionManager.h in Headers */,
				F9463D5E20C013A5006DF8E4 /* ZHRequestDelegate.h in Headers */,
				F9C3A0DD20BFF348004AE87D /* ZHNetwork.h in Headers */,
				F9CB732E20C12C0D00060EF9 /* AFCompatibilityMacros.h in Headers */,
				F9CB733820C12C0D00060EF9 /* AFURLResponseSerialization.h in Headers */,
				F9463D4220C01386006DF8E4 /* ZHTamperGuard.h in Headers */,
				F9463D3E20C01386006DF8E4 /* MD5Tools.h in Headers */,
				F9CB734220C12C0D00060EF9 /* AFNetworkActivityIndicatorManager.h in Headers */,
				F9CB735020C12C0D00060EF9 /* UIWebView+AFNetworking.h in Headers */,
				F9463D6220C013A5006DF8E4 /* ZHBatchRequestManager.h in Headers */,
				F9CB734C20C12C0D00060EF9 /* UIProgressView+AFNetworking.h in Headers */,
				F9463D7C20C013D2006DF8E4 /* ZHDNSHttpManager.h in Headers */,
				F9463D3C20C01386006DF8E4 /* ZHProxyManager.h in Headers */,
				F9463D6620C013A5006DF8E4 /* ZHChainRequest.h in Headers */,
				F9463D6320C013A5006DF8E4 /* ZHNetworkingManager.h in Headers */,
				F9463D6820C013A5006DF8E4 /* ZHNetworkConst.h in Headers */,
				F9463D5F20C013A5006DF8E4 /* ZHRequest.h in Headers */,
				F9463D6520C013A5006DF8E4 /* ZHBaseService.h in Headers */,
				F9463D7820C013D2006DF8E4 /* ZHDNSDes.h in Headers */,
				F9463D5820C013A5006DF8E4 /* ZHRequestManager.h in Headers */,
				F9463D5B20C013A5006DF8E4 /* ZHChainRequestManager.h in Headers */,
				F9CB734B20C12C0D00060EF9 /* UIKit+AFNetworking.h in Headers */,
				F9CB734620C12C0D00060EF9 /* UIButton+AFNetworking.h in Headers */,
				F9CB734820C12C0D00060EF9 /* UIImage+AFNetworking.h in Headers */,
				F9CB733120C12C0D00060EF9 /* AFNetworking.h in Headers */,
				F9CB734920C12C0D00060EF9 /* UIImageView+AFNetworking.h in Headers */,
				F9CB734420C12C0D00060EF9 /* UIActivityIndicatorView+AFNetworking.h in Headers */,
				F9463D4020C01386006DF8E4 /* ZHTamperConfig.h in Headers */,
				F9CB733E20C12C0D00060EF9 /* AFAutoPurgingImageCache.h in Headers */,
				F9463D7A20C013D2006DF8E4 /* ZHDNSHex.h in Headers */,
				F9463D8220C013D2006DF8E4 /* ZHNetworkConfig.h in Headers */,
				F9CB734E20C12C0D00060EF9 /* UIRefreshControl+AFNetworking.h in Headers */,
				F9463D5D20C013A5006DF8E4 /* ZHBaseServiceDelegate.h in Headers */,
				F9463D7E20C013D2006DF8E4 /* ZHDNSIpService.h in Headers */,
			);
			runOnlyForDeploymentPostprocessing = 0;
		};
/* End PBXHeadersBuildPhase section */

/* Begin PBXNativeTarget section */
		F9C3A0CB20BFF347004AE87D /* ZHNetwork */ = {
			isa = PBXNativeTarget;
			buildConfigurationList = F9C3A0E020BFF348004AE87D /* Build configuration list for PBXNativeTarget "ZHNetwork" */;
			buildPhases = (
				30B58A47F83079F9A80D9AA2 /* [CP] Check Pods Manifest.lock */,
				F9C3A0C720BFF347004AE87D /* Sources */,
				F9C3A0C820BFF347004AE87D /* Frameworks */,
				F9C3A0C920BFF347004AE87D /* Headers */,
				F9C3A0CA20BFF347004AE87D /* Resources */,
			);
			buildRules = (
			);
			dependencies = (
			);
			name = ZHNetwork;
			productName = ZHNetwork;
			productReference = F9C3A0CC20BFF347004AE87D /* ZHNetwork.framework */;
			productType = "com.apple.product-type.framework";
		};
		F9C3A0D420BFF348004AE87D /* ZHNetworkTests */ = {
			isa = PBXNativeTarget;
			buildConfigurationList = F9C3A0E320BFF348004AE87D /* Build configuration list for PBXNativeTarget "ZHNetworkTests" */;
			buildPhases = (
				F9C3A0D120BFF348004AE87D /* Sources */,
				F9C3A0D220BFF348004AE87D /* Frameworks */,
				F9C3A0D320BFF348004AE87D /* Resources */,
			);
			buildRules = (
			);
			dependencies = (
				F9C3A0D820BFF348004AE87D /* PBXTargetDependency */,
			);
			name = ZHNetworkTests;
			productName = ZHNetworkTests;
			productReference = F9C3A0D520BFF348004AE87D /* ZHNetworkTests.xctest */;
			productType = "com.apple.product-type.bundle.unit-test";
		};
/* End PBXNativeTarget section */

/* Begin PBXProject section */
		F9C3A0C320BFF347004AE87D /* Project object */ = {
			isa = PBXProject;
			attributes = {
				LastUpgradeCheck = 0930;
				ORGANIZATIONNAME = zh;
				TargetAttributes = {
					F9C3A0CB20BFF347004AE87D = {
						CreatedOnToolsVersion = 9.3;
					};
					F9C3A0D420BFF348004AE87D = {
						CreatedOnToolsVersion = 9.3;
					};
				};
			};
			buildConfigurationList = F9C3A0C620BFF347004AE87D /* Build configuration list for PBXProject "ZHNetwork" */;
			compatibilityVersion = "Xcode 9.3";
			developmentRegion = en;
			hasScannedForEncodings = 0;
			knownRegions = (
				en,
			);
			mainGroup = F9C3A0C220BFF347004AE87D;
			productRefGroup = F9C3A0CD20BFF347004AE87D /* Products */;
			projectDirPath = "";
			projectRoot = "";
			targets = (
				F9C3A0CB20BFF347004AE87D /* ZHNetwork */,
				F9C3A0D420BFF348004AE87D /* ZHNetworkTests */,
			);
		};
/* End PBXProject section */

/* Begin PBXResourcesBuildPhase section */
		F9C3A0CA20BFF347004AE87D /* Resources */ = {
			isa = PBXResourcesBuildPhase;
			buildActionMask = 2147483647;
			files = (
				F9CB733D20C12C0D00060EF9 /* README.md in Resources */,
				F9CB733C20C12C0D00060EF9 /* LICENSE in Resources */,
			);
			runOnlyForDeploymentPostprocessing = 0;
		};
		F9C3A0D320BFF348004AE87D /* Resources */ = {
			isa = PBXResourcesBuildPhase;
			buildActionMask = 2147483647;
			files = (
			);
			runOnlyForDeploymentPostprocessing = 0;
		};
/* End PBXResourcesBuildPhase section */

/* Begin PBXShellScriptBuildPhase section */
		30B58A47F83079F9A80D9AA2 /* [CP] Check Pods Manifest.lock */ = {
			isa = PBXShellScriptBuildPhase;
			buildActionMask = 2147483647;
			files = (
			);
			inputPaths = (
				"${PODS_PODFILE_DIR_PATH}/Podfile.lock",
				"${PODS_ROOT}/Manifest.lock",
			);
			name = "[CP] Check Pods Manifest.lock";
			outputPaths = (
				"$(DERIVED_FILE_DIR)/Pods-ZHNetwork-checkManifestLockResult.txt",
			);
			runOnlyForDeploymentPostprocessing = 0;
			shellPath = /bin/sh;
			shellScript = "diff \"${PODS_PODFILE_DIR_PATH}/Podfile.lock\" \"${PODS_ROOT}/Manifest.lock\" > /dev/null\nif [ $? != 0 ] ; then\n    # print error to STDERR\n    echo \"error: The sandbox is not in sync with the Podfile.lock. Run 'pod install' or update your CocoaPods installation.\" >&2\n    exit 1\nfi\n# This output is used by Xcode 'outputs' to avoid re-running this script phase.\necho \"SUCCESS\" > \"${SCRIPT_OUTPUT_FILE_0}\"\n";
			showEnvVarsInLog = 0;
		};
/* End PBXShellScriptBuildPhase section */

/* Begin PBXSourcesBuildPhase section */
		F9C3A0C720BFF347004AE87D /* Sources */ = {
			isa = PBXSourcesBuildPhase;
			buildActionMask = 2147483647;
			files = (
				F9463D8320C013D2006DF8E4 /* ZHNetworkConfig.m in Sources */,
				F9CB734A20C12C0D00060EF9 /* UIImageView+AFNetworking.m in Sources */,
				F9CB734F20C12C0D00060EF9 /* UIRefreshControl+AFNetworking.m in Sources */,
				F9CB733020C12C0D00060EF9 /* AFHTTPSessionManager.m in Sources */,
				F9CB733320C12C0D00060EF9 /* AFNetworkReachabilityManager.m in Sources */,
				F9CB735120C12C0D00060EF9 /* UIWebView+AFNetworking.m in Sources */,
				F9CB734120C12C0D00060EF9 /* AFImageDownloader.m in Sources */,
				F9463D4320C01386006DF8E4 /* ZHTamperGuard.m in Sources */,
				F9463D7920C013D2006DF8E4 /* ZHDNSDes.m in Sources */,
				F9CB734520C12C0D00060EF9 /* UIActivityIndicatorView+AFNetworking.m in Sources */,
				F9CB733F20C12C0D00060EF9 /* AFAutoPurgingImageCache.m in Sources */,
				F9463D7D20C013D2006DF8E4 /* ZHDNSHttpManager.m in Sources */,
				F9CB734320C12C0D00060EF9 /* AFNetworkActivityIndicatorManager.m in Sources */,
				F9CB734D20C12C0D00060EF9 /* UIProgressView+AFNetworking.m in Sources */,
				F9463D8120C013D2006DF8E4 /* ZHDNSResolveItem.m in Sources */,
				F9CB734720C12C0D00060EF9 /* UIButton+AFNetworking.m in Sources */,
				F9CB733720C12C0D00060EF9 /* AFURLRequestSerialization.m in Sources */,
				F9CB733520C12C0D00060EF9 /* AFSecurityPolicy.m in Sources */,
				F9CB733B20C12C0D00060EF9 /* AFURLSessionManager.m in Sources */,
				F9463D5C20C013A5006DF8E4 /* ZHNetworkingManager.m in Sources */,
				F9463D6420C013A5006DF8E4 /* ZHRequestManager.m in Sources */,
				F9463D6120C013A5006DF8E4 /* ZHBatchRequestManager.m in Sources */,
				F9463D6A20C013A5006DF8E4 /* ZHBatchRequest.m in Sources */,
				F9463D3F20C01386006DF8E4 /* MD5Tools.m in Sources */,
				F9463D5920C013A5006DF8E4 /* ZHChainRequest.m in Sources */,
				F9463D4120C01386006DF8E4 /* ZHTamperConfig.m in Sources */,
				F9463D7B20C013D2006DF8E4 /* ZHDNSHex.m in Sources */,
				F9463D6720C013A5006DF8E4 /* ZHChainRequestManager.m in Sources */,
				F9463D7F20C013D2006DF8E4 /* ZHDNSIpService.m in Sources */,
				F9463D6020C013A5006DF8E4 /* ZHBaseService.m in Sources */,
				F9463D3D20C01386006DF8E4 /* ZHProxyManager.m in Sources */,
				F9463D6920C013A5006DF8E4 /* ZHRequest.m in Sources */,
				F9CB733920C12C0D00060EF9 /* AFURLResponseSerialization.m in Sources */,
			);
			runOnlyForDeploymentPostprocessing = 0;
		};
		F9C3A0D120BFF348004AE87D /* Sources */ = {
			isa = PBXSourcesBuildPhase;
			buildActionMask = 2147483647;
			files = (
				F9C3A0DB20BFF348004AE87D /* ZHNetworkTests.m in Sources */,
			);
			runOnlyForDeploymentPostprocessing = 0;
		};
/* End PBXSourcesBuildPhase section */

/* Begin PBXTargetDependency section */
		F9C3A0D820BFF348004AE87D /* PBXTargetDependency */ = {
			isa = PBXTargetDependency;
			target = F9C3A0CB20BFF347004AE87D /* ZHNetwork */;
			targetProxy = F9C3A0D720BFF348004AE87D /* PBXContainerItemProxy */;
		};
/* End PBXTargetDependency section */

/* Begin XCBuildConfiguration section */
		F9C3A0DE20BFF348004AE87D /* Debug */ = {
			isa = XCBuildConfiguration;
			buildSettings = {
				ALWAYS_SEARCH_USER_PATHS = NO;
				CLANG_ANALYZER_NONNULL = YES;
				CLANG_ANALYZER_NUMBER_OBJECT_CONVERSION = YES_AGGRESSIVE;
				CLANG_CXX_LANGUAGE_STANDARD = "gnu++14";
				CLANG_CXX_LIBRARY = "libc++";
				CLANG_ENABLE_MODULES = YES;
				CLANG_ENABLE_OBJC_ARC = YES;
				CLANG_ENABLE_OBJC_WEAK = YES;
				CLANG_WARN_BLOCK_CAPTURE_AUTORELEASING = YES;
				CLANG_WARN_BOOL_CONVERSION = YES;
				CLANG_WARN_COMMA = YES;
				CLANG_WARN_CONSTANT_CONVERSION = YES;
				CLANG_WARN_DEPRECATED_OBJC_IMPLEMENTATIONS = YES;
				CLANG_WARN_DIRECT_OBJC_ISA_USAGE = YES_ERROR;
				CLANG_WARN_DOCUMENTATION_COMMENTS = YES;
				CLANG_WARN_EMPTY_BODY = YES;
				CLANG_WARN_ENUM_CONVERSION = YES;
				CLANG_WARN_INFINITE_RECURSION = YES;
				CLANG_WARN_INT_CONVERSION = YES;
				CLANG_WARN_NON_LITERAL_NULL_CONVERSION = YES;
				CLANG_WARN_OBJC_IMPLICIT_RETAIN_SELF = YES;
				CLANG_WARN_OBJC_LITERAL_CONVERSION = YES;
				CLANG_WARN_OBJC_ROOT_CLASS = YES_ERROR;
				CLANG_WARN_RANGE_LOOP_ANALYSIS = YES;
				CLANG_WARN_STRICT_PROTOTYPES = YES;
				CLANG_WARN_SUSPICIOUS_MOVE = YES;
				CLANG_WARN_UNGUARDED_AVAILABILITY = YES_AGGRESSIVE;
				CLANG_WARN_UNREACHABLE_CODE = YES;
				CLANG_WARN__DUPLICATE_METHOD_MATCH = YES;
				CODE_SIGN_IDENTITY = "iPhone Developer";
				COPY_PHASE_STRIP = NO;
				CURRENT_PROJECT_VERSION = 1;
				DEBUG_INFORMATION_FORMAT = dwarf;
				ENABLE_STRICT_OBJC_MSGSEND = YES;
				ENABLE_TESTABILITY = YES;
				GCC_C_LANGUAGE_STANDARD = gnu11;
				GCC_DYNAMIC_NO_PIC = NO;
				GCC_NO_COMMON_BLOCKS = YES;
				GCC_OPTIMIZATION_LEVEL = 0;
				GCC_PREPROCESSOR_DEFINITIONS = (
					"DEBUG=1",
					"$(inherited)",
				);
				GCC_WARN_64_TO_32_BIT_CONVERSION = YES;
				GCC_WARN_ABOUT_RETURN_TYPE = YES_ERROR;
				GCC_WARN_UNDECLARED_SELECTOR = YES;
				GCC_WARN_UNINITIALIZED_AUTOS = YES_AGGRESSIVE;
				GCC_WARN_UNUSED_FUNCTION = YES;
				GCC_WARN_UNUSED_VARIABLE = YES;
				IPHONEOS_DEPLOYMENT_TARGET = 11.3;
				MTL_ENABLE_DEBUG_INFO = YES;
				ONLY_ACTIVE_ARCH = YES;
				SDKROOT = iphoneos;
				VERSIONING_SYSTEM = "apple-generic";
				VERSION_INFO_PREFIX = "";
			};
			name = Debug;
		};
		F9C3A0DF20BFF348004AE87D /* Release */ = {
			isa = XCBuildConfiguration;
			buildSettings = {
				ALWAYS_SEARCH_USER_PATHS = NO;
				CLANG_ANALYZER_NONNULL = YES;
				CLANG_ANALYZER_NUMBER_OBJECT_CONVERSION = YES_AGGRESSIVE;
				CLANG_CXX_LANGUAGE_STANDARD = "gnu++14";
				CLANG_CXX_LIBRARY = "libc++";
				CLANG_ENABLE_MODULES = YES;
				CLANG_ENABLE_OBJC_ARC = YES;
				CLANG_ENABLE_OBJC_WEAK = YES;
				CLANG_WARN_BLOCK_CAPTURE_AUTORELEASING = YES;
				CLANG_WARN_BOOL_CONVERSION = YES;
				CLANG_WARN_COMMA = YES;
				CLANG_WARN_CONSTANT_CONVERSION = YES;
				CLANG_WARN_DEPRECATED_OBJC_IMPLEMENTATIONS = YES;
				CLANG_WARN_DIRECT_OBJC_ISA_USAGE = YES_ERROR;
				CLANG_WARN_DOCUMENTATION_COMMENTS = YES;
				CLANG_WARN_EMPTY_BODY = YES;
				CLANG_WARN_ENUM_CONVERSION = YES;
				CLANG_WARN_INFINITE_RECURSION = YES;
				CLANG_WARN_INT_CONVERSION = YES;
				CLANG_WARN_NON_LITERAL_NULL_CONVERSION = YES;
				CLANG_WARN_OBJC_IMPLICIT_RETAIN_SELF = YES;
				CLANG_WARN_OBJC_LITERAL_CONVERSION = YES;
				CLANG_WARN_OBJC_ROOT_CLASS = YES_ERROR;
				CLANG_WARN_RANGE_LOOP_ANALYSIS = YES;
				CLANG_WARN_STRICT_PROTOTYPES = YES;
				CLANG_WARN_SUSPICIOUS_MOVE = YES;
				CLANG_WARN_UNGUARDED_AVAILABILITY = YES_AGGRESSIVE;
				CLANG_WARN_UNREACHABLE_CODE = YES;
				CLANG_WARN__DUPLICATE_METHOD_MATCH = YES;
				CODE_SIGN_IDENTITY = "iPhone Developer";
				COPY_PHASE_STRIP = NO;
				CURRENT_PROJECT_VERSION = 1;
				DEBUG_INFORMATION_FORMAT = "dwarf-with-dsym";
				ENABLE_NS_ASSERTIONS = NO;
				ENABLE_STRICT_OBJC_MSGSEND = YES;
				GCC_C_LANGUAGE_STANDARD = gnu11;
				GCC_NO_COMMON_BLOCKS = YES;
				GCC_WARN_64_TO_32_BIT_CONVERSION = YES;
				GCC_WARN_ABOUT_RETURN_TYPE = YES_ERROR;
				GCC_WARN_UNDECLARED_SELECTOR = YES;
				GCC_WARN_UNINITIALIZED_AUTOS = YES_AGGRESSIVE;
				GCC_WARN_UNUSED_FUNCTION = YES;
				GCC_WARN_UNUSED_VARIABLE = YES;
				IPHONEOS_DEPLOYMENT_TARGET = 11.3;
				MTL_ENABLE_DEBUG_INFO = NO;
				SDKROOT = iphoneos;
				VALIDATE_PRODUCT = YES;
				VERSIONING_SYSTEM = "apple-generic";
				VERSION_INFO_PREFIX = "";
			};
			name = Release;
		};
		F9C3A0E120BFF348004AE87D /* Debug */ = {
			isa = XCBuildConfiguration;
			baseConfigurationReference = 16E55C63684E5C99062D7FE5 /* Pods-ZHNetwork.debug.xcconfig */;
			buildSettings = {
				CODE_SIGN_IDENTITY = "";
				CODE_SIGN_STYLE = Automatic;
				DEFINES_MODULE = YES;
				DEVELOPMENT_TEAM = W35GD34VEQ;
				DYLIB_COMPATIBILITY_VERSION = 1;
				DYLIB_CURRENT_VERSION = 1;
				DYLIB_INSTALL_NAME_BASE = "@rpath";
				INFOPLIST_FILE = ZHNetwork/Info.plist;
				INSTALL_PATH = "$(LOCAL_LIBRARY_DIR)/Frameworks";
				LD_RUNPATH_SEARCH_PATHS = (
					"$(inherited)",
					"@executable_path/Frameworks",
					"@loader_path/Frameworks",
				);
				MACH_O_TYPE = staticlib;
				OTHER_LDFLAGS = "-ObjC";
				PRODUCT_BUNDLE_IDENTIFIER = com.xiaomi.zuanzuan.ZHNetwork;
				PRODUCT_NAME = "$(TARGET_NAME:c99extidentifier)";
				SKIP_INSTALL = YES;
				TARGETED_DEVICE_FAMILY = "1,2";
			};
			name = Debug;
		};
		F9C3A0E220BFF348004AE87D /* Release */ = {
			isa = XCBuildConfiguration;
			baseConfigurationReference = C7A49E15782ECDC605357DDC /* Pods-ZHNetwork.release.xcconfig */;
			buildSettings = {
				CODE_SIGN_IDENTITY = "";
				CODE_SIGN_STYLE = Automatic;
				DEFINES_MODULE = YES;
				DEVELOPMENT_TEAM = W35GD34VEQ;
				DYLIB_COMPATIBILITY_VERSION = 1;
				DYLIB_CURRENT_VERSION = 1;
				DYLIB_INSTALL_NAME_BASE = "@rpath";
				INFOPLIST_FILE = ZHNetwork/Info.plist;
				INSTALL_PATH = "$(LOCAL_LIBRARY_DIR)/Frameworks";
				LD_RUNPATH_SEARCH_PATHS = (
					"$(inherited)",
					"@executable_path/Frameworks",
					"@loader_path/Frameworks",
				);
				MACH_O_TYPE = staticlib;
				OTHER_LDFLAGS = "-ObjC";
				PRODUCT_BUNDLE_IDENTIFIER = com.xiaomi.zuanzuan.ZHNetwork;
				PRODUCT_NAME = "$(TARGET_NAME:c99extidentifier)";
				SKIP_INSTALL = YES;
				TARGETED_DEVICE_FAMILY = "1,2";
			};
			name = Release;
		};
		F9C3A0E420BFF348004AE87D /* Debug */ = {
			isa = XCBuildConfiguration;
			buildSettings = {
				CODE_SIGN_STYLE = Automatic;
				DEVELOPMENT_TEAM = W35GD34VEQ;
				INFOPLIST_FILE = ZHNetworkTests/Info.plist;
				LD_RUNPATH_SEARCH_PATHS = (
					"$(inherited)",
					"@executable_path/Frameworks",
					"@loader_path/Frameworks",
				);
				PRODUCT_BUNDLE_IDENTIFIER = com.xiaomi.zuanzuan.ZHNetworkTests;
				PRODUCT_NAME = "$(TARGET_NAME)";
				TARGETED_DEVICE_FAMILY = "1,2";
			};
			name = Debug;
		};
		F9C3A0E520BFF348004AE87D /* Release */ = {
			isa = XCBuildConfiguration;
			buildSettings = {
				CODE_SIGN_STYLE = Automatic;
				DEVELOPMENT_TEAM = W35GD34VEQ;
				INFOPLIST_FILE = ZHNetworkTests/Info.plist;
				LD_RUNPATH_SEARCH_PATHS = (
					"$(inherited)",
					"@executable_path/Frameworks",
					"@loader_path/Frameworks",
				);
				PRODUCT_BUNDLE_IDENTIFIER = com.xiaomi.zuanzuan.ZHNetworkTests;
				PRODUCT_NAME = "$(TARGET_NAME)";
				TARGETED_DEVICE_FAMILY = "1,2";
			};
			name = Release;
		};
/* End XCBuildConfiguration section */

/* Begin XCConfigurationList section */
		F9C3A0C620BFF347004AE87D /* Build configuration list for PBXProject "ZHNetwork" */ = {
			isa = XCConfigurationList;
			buildConfigurations = (
				F9C3A0DE20BFF348004AE87D /* Debug */,
				F9C3A0DF20BFF348004AE87D /* Release */,
			);
			defaultConfigurationIsVisible = 0;
			defaultConfigurationName = Release;
		};
		F9C3A0E020BFF348004AE87D /* Build configuration list for PBXNativeTarget "ZHNetwork" */ = {
			isa = XCConfigurationList;
			buildConfigurations = (
				F9C3A0E120BFF348004AE87D /* Debug */,
				F9C3A0E220BFF348004AE87D /* Release */,
			);
			defaultConfigurationIsVisible = 0;
			defaultConfigurationName = Release;
		};
		F9C3A0E320BFF348004AE87D /* Build configuration list for PBXNativeTarget "ZHNetworkTests" */ = {
			isa = XCConfigurationList;
			buildConfigurations = (
				F9C3A0E420BFF348004AE87D /* Debug */,
				F9C3A0E520BFF348004AE87D /* Release */,
			);
			defaultConfigurationIsVisible = 0;
			defaultConfigurationName = Release;
		};
/* End XCConfigurationList section */
	};
	rootObject = F9C3A0C320BFF347004AE87D /* Project object */;
}
